// !$*UTF8*$!
{
	archiveVersion = 1;
	classes = {
	};
	objectVersion = 46;
	objects = {

/* Begin PBXBuildFile section */
		9112354218569F170092253B /* SpadeEventController.m in Sources */ = {isa = PBXBuildFile; fileRef = 9112354118569F170092253B /* SpadeEventController.m */; };
		91175E0B18E5288A002BA37A /* Center-Tab@2x.png in Resources */ = {isa = PBXBuildFile; fileRef = 91175E0918E5288A002BA37A /* Center-Tab@2x.png */; };
		91175E0C18E5288A002BA37A /* Center-Tab.png in Resources */ = {isa = PBXBuildFile; fileRef = 91175E0A18E5288A002BA37A /* Center-Tab.png */; };
		91175E0F18E52C96002BA37A /* tabBarBackGround.png in Resources */ = {isa = PBXBuildFile; fileRef = 91175E0D18E52C96002BA37A /* tabBarBackGround.png */; };
		91175E1018E52C96002BA37A /* tabBarBackGround@2x.png in Resources */ = {isa = PBXBuildFile; fileRef = 91175E0E18E52C96002BA37A /* tabBarBackGround@2x.png */; };
		91175E1718E531DA002BA37A /* tabBarBackGround_V2.png in Resources */ = {isa = PBXBuildFile; fileRef = 91175E1518E531DA002BA37A /* tabBarBackGround_V2.png */; };
		91175E1818E531DA002BA37A /* tabBarBackGround_V2@2x.png in Resources */ = {isa = PBXBuildFile; fileRef = 91175E1618E531DA002BA37A /* tabBarBackGround_V2@2x.png */; };
		91175E1B18E533E8002BA37A /* tabBarSelected.png in Resources */ = {isa = PBXBuildFile; fileRef = 91175E1918E533E8002BA37A /* tabBarSelected.png */; };
		91175E1C18E533E8002BA37A /* tabBarSelected@2x.png in Resources */ = {isa = PBXBuildFile; fileRef = 91175E1A18E533E8002BA37A /* tabBarSelected@2x.png */; };
		91175E1F18E537E1002BA37A /* SpadeMapSlideViewController.m in Sources */ = {isa = PBXBuildFile; fileRef = 91175E1E18E537E1002BA37A /* SpadeMapSlideViewController.m */; };
		911B8F6718820BC900BCED88 /* SpadeNameCell.m in Sources */ = {isa = PBXBuildFile; fileRef = 911B8F6618820BC900BCED88 /* SpadeNameCell.m */; };
		9120610B184A62E700E3DA0C /* SpadeUtility.m in Sources */ = {isa = PBXBuildFile; fileRef = 9120610A184A62E700E3DA0C /* SpadeUtility.m */; };
		91221336185C407300BA29E8 /* SpadeVenueTableViewController.m in Sources */ = {isa = PBXBuildFile; fileRef = 91221335185C407300BA29E8 /* SpadeVenueTableViewController.m */; };
		91221339185CCED500BA29E8 /* SpadeVenueDetailViewController.m in Sources */ = {isa = PBXBuildFile; fileRef = 91221338185CCED500BA29E8 /* SpadeVenueDetailViewController.m */; };
		9124528818E244340071CE3B /* spade_5@2x.png in Resources */ = {isa = PBXBuildFile; fileRef = 9124528618E244340071CE3B /* spade_5@2x.png */; };
		9124528918E244340071CE3B /* spade_5.png in Resources */ = {isa = PBXBuildFile; fileRef = 9124528718E244340071CE3B /* spade_5.png */; };
		9124529818E287720071CE3B /* spade_6@2x.png in Resources */ = {isa = PBXBuildFile; fileRef = 9124529618E287720071CE3B /* spade_6@2x.png */; };
		9124529918E287720071CE3B /* spade_6.png in Resources */ = {isa = PBXBuildFile; fileRef = 9124529718E287720071CE3B /* spade_6.png */; };
		9124529F18E28CE80071CE3B /* Defaulttttt.png in Resources */ = {isa = PBXBuildFile; fileRef = 9124529C18E28CE80071CE3B /* Defaulttttt.png */; };
		912452A018E28CE80071CE3B /* Defaultttttt@2x.png in Resources */ = {isa = PBXBuildFile; fileRef = 9124529D18E28CE80071CE3B /* Defaultttttt@2x.png */; };
		912452A318E28D8B0071CE3B /* Test.png in Resources */ = {isa = PBXBuildFile; fileRef = 912452A218E28D8B0071CE3B /* Test.png */; };
		912452A518E2912F0071CE3B /* LoginLogo2.png in Resources */ = {isa = PBXBuildFile; fileRef = 912452A418E2912F0071CE3B /* LoginLogo2.png */; };
		912452AD18E2985D0071CE3B /* Spade-Icon.png in Resources */ = {isa = PBXBuildFile; fileRef = 912452AC18E2985D0071CE3B /* Spade-Icon.png */; };
		9133C14718A2E4E600730B9E /* FUIAlertView.m in Sources */ = {isa = PBXBuildFile; fileRef = 9133C12218A2E4E600730B9E /* FUIAlertView.m */; };
		9133C14818A2E4E600730B9E /* FUIButton.m in Sources */ = {isa = PBXBuildFile; fileRef = 9133C12418A2E4E600730B9E /* FUIButton.m */; };
		9133C14918A2E4E600730B9E /* FUICellBackgroundView.m in Sources */ = {isa = PBXBuildFile; fileRef = 9133C12618A2E4E600730B9E /* FUICellBackgroundView.m */; };
		9133C14A18A2E4E600730B9E /* FUIPopoverBackgroundView.m in Sources */ = {isa = PBXBuildFile; fileRef = 9133C12818A2E4E600730B9E /* FUIPopoverBackgroundView.m */; };
		9133C14B18A2E4E600730B9E /* FUISegmentedControl.m in Sources */ = {isa = PBXBuildFile; fileRef = 9133C12A18A2E4E600730B9E /* FUISegmentedControl.m */; };
		9133C14C18A2E4E600730B9E /* FUISwitch.m in Sources */ = {isa = PBXBuildFile; fileRef = 9133C12C18A2E4E600730B9E /* FUISwitch.m */; };
		9133C14D18A2E4E600730B9E /* FUITextField.m in Sources */ = {isa = PBXBuildFile; fileRef = 9133C12E18A2E4E600730B9E /* FUITextField.m */; };
		9133C14E18A2E4E600730B9E /* UIBarButtonItem+FlatUI.m in Sources */ = {isa = PBXBuildFile; fileRef = 9133C13018A2E4E600730B9E /* UIBarButtonItem+FlatUI.m */; };
		9133C14F18A2E4E600730B9E /* UIColor+FlatUI.m in Sources */ = {isa = PBXBuildFile; fileRef = 9133C13218A2E4E600730B9E /* UIColor+FlatUI.m */; };
		9133C15018A2E4E600730B9E /* UIFont+FlatUI.m in Sources */ = {isa = PBXBuildFile; fileRef = 9133C13418A2E4E600730B9E /* UIFont+FlatUI.m */; };
		9133C15118A2E4E600730B9E /* UIImage+FlatUI.m in Sources */ = {isa = PBXBuildFile; fileRef = 9133C13618A2E4E600730B9E /* UIImage+FlatUI.m */; };
		9133C15218A2E4E600730B9E /* UINavigationBar+FlatUI.m in Sources */ = {isa = PBXBuildFile; fileRef = 9133C13818A2E4E600730B9E /* UINavigationBar+FlatUI.m */; };
		9133C15318A2E4E600730B9E /* UIPopoverController+FlatUI.m in Sources */ = {isa = PBXBuildFile; fileRef = 9133C13A18A2E4E600730B9E /* UIPopoverController+FlatUI.m */; };
		9133C15418A2E4E600730B9E /* UIProgressView+FlatUI.m in Sources */ = {isa = PBXBuildFile; fileRef = 9133C13C18A2E4E600730B9E /* UIProgressView+FlatUI.m */; };
		9133C15518A2E4E600730B9E /* UISlider+FlatUI.m in Sources */ = {isa = PBXBuildFile; fileRef = 9133C13E18A2E4E600730B9E /* UISlider+FlatUI.m */; };
		9133C15618A2E4E600730B9E /* UIStepper+FlatUI.m in Sources */ = {isa = PBXBuildFile; fileRef = 9133C14018A2E4E600730B9E /* UIStepper+FlatUI.m */; };
		9133C15718A2E4E600730B9E /* UITabBar+FlatUI.m in Sources */ = {isa = PBXBuildFile; fileRef = 9133C14218A2E4E600730B9E /* UITabBar+FlatUI.m */; };
		9133C15818A2E4E600730B9E /* UITableViewCell+FlatUI.m in Sources */ = {isa = PBXBuildFile; fileRef = 9133C14418A2E4E600730B9E /* UITableViewCell+FlatUI.m */; };
		9133C15918A2E4E600730B9E /* UIToolbar+FlatUI.m in Sources */ = {isa = PBXBuildFile; fileRef = 9133C14618A2E4E600730B9E /* UIToolbar+FlatUI.m */; };
		913DE259187B5CE000CDBCE7 /* leather.png in Resources */ = {isa = PBXBuildFile; fileRef = 913DE257187B5CE000CDBCE7 /* leather.png */; };
		913DE25A187B5CE000CDBCE7 /* nicubunu_Card_symbols_Spade.jpeg in Resources */ = {isa = PBXBuildFile; fileRef = 913DE258187B5CE000CDBCE7 /* nicubunu_Card_symbols_Spade.jpeg */; };
		9141E86518407A5000A5DE15 /* Foundation.framework in Frameworks */ = {isa = PBXBuildFile; fileRef = 9141E86418407A5000A5DE15 /* Foundation.framework */; };
		9141E86718407A5000A5DE15 /* CoreGraphics.framework in Frameworks */ = {isa = PBXBuildFile; fileRef = 9141E86618407A5000A5DE15 /* CoreGraphics.framework */; };
		9141E86918407A5000A5DE15 /* UIKit.framework in Frameworks */ = {isa = PBXBuildFile; fileRef = 9141E86818407A5000A5DE15 /* UIKit.framework */; };
		9141E86F18407A5000A5DE15 /* InfoPlist.strings in Resources */ = {isa = PBXBuildFile; fileRef = 9141E86D18407A5000A5DE15 /* InfoPlist.strings */; };
		9141E87118407A5000A5DE15 /* main.m in Sources */ = {isa = PBXBuildFile; fileRef = 9141E87018407A5000A5DE15 /* main.m */; };
		9141E87518407A5000A5DE15 /* SpadeAppDelegate.m in Sources */ = {isa = PBXBuildFile; fileRef = 9141E87418407A5000A5DE15 /* SpadeAppDelegate.m */; };
		9141E87818407A5000A5DE15 /* Main.storyboard in Resources */ = {isa = PBXBuildFile; fileRef = 9141E87618407A5000A5DE15 /* Main.storyboard */; };
		9141E87D18407A5000A5DE15 /* Images.xcassets in Resources */ = {isa = PBXBuildFile; fileRef = 9141E87C18407A5000A5DE15 /* Images.xcassets */; };
		9141E88418407A5000A5DE15 /* XCTest.framework in Frameworks */ = {isa = PBXBuildFile; fileRef = 9141E88318407A5000A5DE15 /* XCTest.framework */; };
		9141E88518407A5000A5DE15 /* Foundation.framework in Frameworks */ = {isa = PBXBuildFile; fileRef = 9141E86418407A5000A5DE15 /* Foundation.framework */; };
		9141E88618407A5000A5DE15 /* UIKit.framework in Frameworks */ = {isa = PBXBuildFile; fileRef = 9141E86818407A5000A5DE15 /* UIKit.framework */; };
		9141E88E18407A5000A5DE15 /* InfoPlist.strings in Resources */ = {isa = PBXBuildFile; fileRef = 9141E88C18407A5000A5DE15 /* InfoPlist.strings */; };
		9141E89018407A5000A5DE15 /* SpadeTests.m in Sources */ = {isa = PBXBuildFile; fileRef = 9141E88F18407A5000A5DE15 /* SpadeTests.m */; };
		9158421218E86932009F1BE8 /* iCarousel.m in Sources */ = {isa = PBXBuildFile; fileRef = 9158421118E86932009F1BE8 /* iCarousel.m */; };
		915BEDAE1857DB5A00FCA17A /* UIImage+ResizeAdditions.m in Sources */ = {isa = PBXBuildFile; fileRef = 915BEDA91857DB5A00FCA17A /* UIImage+ResizeAdditions.m */; };
		915BEDAF1857DB5A00FCA17A /* UIImage+AlphaAdditions.m in Sources */ = {isa = PBXBuildFile; fileRef = 915BEDAB1857DB5A00FCA17A /* UIImage+AlphaAdditions.m */; };
		915BEDB01857DB5A00FCA17A /* UIImage+RoundedCornerAdditions.m in Sources */ = {isa = PBXBuildFile; fileRef = 915BEDAD1857DB5A00FCA17A /* UIImage+RoundedCornerAdditions.m */; };
		91632CF01857CFE000FB276E /* SpadeProfileController.m in Sources */ = {isa = PBXBuildFile; fileRef = 91632CEF1857CFE000FB276E /* SpadeProfileController.m */; };
		917CE60618FB7EAB0076D5A1 /* MessageUI.framework in Frameworks */ = {isa = PBXBuildFile; fileRef = 917CE60518FB7EAB0076D5A1 /* MessageUI.framework */; };
		917FA75418E3C7BA009EDEF2 /* SpadeMainSlideViewController.m in Sources */ = {isa = PBXBuildFile; fileRef = 917FA75318E3C7BA009EDEF2 /* SpadeMainSlideViewController.m */; };
		9188E52F184EE7FD00C72151 /* SpadeFeedController.m in Sources */ = {isa = PBXBuildFile; fileRef = 9188E52E184EE7FD00C72151 /* SpadeFeedController.m */; };
		9196A8CF1868D60700513082 /* default_venue_Image.jpeg in Resources */ = {isa = PBXBuildFile; fileRef = 9196A8CE1868D60700513082 /* default_venue_Image.jpeg */; };
		9196A8D11868D61300513082 /* skyline_7@2x.png in Resources */ = {isa = PBXBuildFile; fileRef = 9196A8D01868D61300513082 /* skyline_7@2x.png */; };
		9196A8D31868D61B00513082 /* skyline@2x.png in Resources */ = {isa = PBXBuildFile; fileRef = 9196A8D21868D61B00513082 /* skyline@2x.png */; };
		9196A8D61868D90900513082 /* SpadeCache.m in Sources */ = {isa = PBXBuildFile; fileRef = 9196A8D51868D90900513082 /* SpadeCache.m */; };
		9196A8D9186A919F00513082 /* SpadeEditProfileViewController.m in Sources */ = {isa = PBXBuildFile; fileRef = 9196A8D8186A919F00513082 /* SpadeEditProfileViewController.m */; };
		9196A8DC186B574700513082 /* SpadeFriendTableViewController.m in Sources */ = {isa = PBXBuildFile; fileRef = 9196A8DB186B574700513082 /* SpadeFriendTableViewController.m */; };
		9196A8DF186C903200513082 /* SpadeConstants.m in Sources */ = {isa = PBXBuildFile; fileRef = 9196A8DE186C903200513082 /* SpadeConstants.m */; };
		9196A8E2186D29F500513082 /* SpadeFollowCell.m in Sources */ = {isa = PBXBuildFile; fileRef = 9196A8E1186D29F500513082 /* SpadeFollowCell.m */; };
		9196A8E5186D2E0400513082 /* AvatarPlaceholder.png in Resources */ = {isa = PBXBuildFile; fileRef = 9196A8E3186D2E0400513082 /* AvatarPlaceholder.png */; };
		9196A8E6186D2E0400513082 /* AvatarPlaceholder@2x.png in Resources */ = {isa = PBXBuildFile; fileRef = 9196A8E4186D2E0400513082 /* AvatarPlaceholder@2x.png */; };
		9196A8E9186F8ACF00513082 /* SpadeVenueFollowCell.m in Sources */ = {isa = PBXBuildFile; fileRef = 9196A8E8186F8ACF00513082 /* SpadeVenueFollowCell.m */; };
		9196A9241870AB7600513082 /* SpadeFriendDetailViewController.m in Sources */ = {isa = PBXBuildFile; fileRef = 9196A9231870AB7600513082 /* SpadeFriendDetailViewController.m */; };
		9196A92D1871F94A00513082 /* SpadeEventInviteController.m in Sources */ = {isa = PBXBuildFile; fileRef = 9196A92C1871F94A00513082 /* SpadeEventInviteController.m */; };
		919DC3C418775E57007E8BC0 /* SpadeFeedCell.m in Sources */ = {isa = PBXBuildFile; fileRef = 919DC3C318775E57007E8BC0 /* SpadeFeedCell.m */; };
		919DC3C91879F2CF007E8BC0 /* SpadeEventDetailViewController.m in Sources */ = {isa = PBXBuildFile; fileRef = 919DC3C81879F2CF007E8BC0 /* SpadeEventDetailViewController.m */; };
		919DC3CC1879FA73007E8BC0 /* SpadeChatCell.m in Sources */ = {isa = PBXBuildFile; fileRef = 919DC3CB1879FA73007E8BC0 /* SpadeChatCell.m */; };
		91AB44B418E091EC00B78719 /* Lato-Bla.otf in Resources */ = {isa = PBXBuildFile; fileRef = 91AB44AA18E091BA00B78719 /* Lato-Bla.otf */; };
		91AB44B518E091EC00B78719 /* Lato-BlaIta.otf in Resources */ = {isa = PBXBuildFile; fileRef = 91AB44AB18E091BA00B78719 /* Lato-BlaIta.otf */; };
		91AB44B618E091EC00B78719 /* Lato-Bol.otf in Resources */ = {isa = PBXBuildFile; fileRef = 91AB44AC18E091BA00B78719 /* Lato-Bol.otf */; };
		91AB44B718E091EC00B78719 /* Lato-BolIta.otf in Resources */ = {isa = PBXBuildFile; fileRef = 91AB44AD18E091BA00B78719 /* Lato-BolIta.otf */; };
		91AB44B818E091EC00B78719 /* Lato-Hai.otf in Resources */ = {isa = PBXBuildFile; fileRef = 91AB44AE18E091BA00B78719 /* Lato-Hai.otf */; };
		91AB44B918E091EC00B78719 /* Lato-HaiIta.otf in Resources */ = {isa = PBXBuildFile; fileRef = 91AB44AF18E091BA00B78719 /* Lato-HaiIta.otf */; };
		91AB44BA18E091EC00B78719 /* Lato-Lig.otf in Resources */ = {isa = PBXBuildFile; fileRef = 91AB44B018E091BA00B78719 /* Lato-Lig.otf */; };
		91AB44BB18E091EC00B78719 /* Lato-LigIta.otf in Resources */ = {isa = PBXBuildFile; fileRef = 91AB44B118E091BA00B78719 /* Lato-LigIta.otf */; };
		91AB44BC18E091EC00B78719 /* Lato-Reg.otf in Resources */ = {isa = PBXBuildFile; fileRef = 91AB44B218E091BA00B78719 /* Lato-Reg.otf */; };
		91AB44BD18E091EC00B78719 /* Lato-RegIta.otf in Resources */ = {isa = PBXBuildFile; fileRef = 91AB44B318E091BA00B78719 /* Lato-RegIta.otf */; };
		91AB44BF18E0F60F00B78719 /* spade.png in Resources */ = {isa = PBXBuildFile; fileRef = 91AB44BE18E0F60F00B78719 /* spade.png */; };
		91AB44C218E1B8CC00B78719 /* spade_2@2x.gif in Resources */ = {isa = PBXBuildFile; fileRef = 91AB44C018E1B8CC00B78719 /* spade_2@2x.gif */; };
		91AB44C318E1B8CC00B78719 /* spade_2.gif in Resources */ = {isa = PBXBuildFile; fileRef = 91AB44C118E1B8CC00B78719 /* spade_2.gif */; };
		91AB44C618E1C2B500B78719 /* spade_3@2x.png in Resources */ = {isa = PBXBuildFile; fileRef = 91AB44C418E1C2B500B78719 /* spade_3@2x.png */; };
		91AB44C718E1C2B500B78719 /* spade_3.png in Resources */ = {isa = PBXBuildFile; fileRef = 91AB44C518E1C2B500B78719 /* spade_3.png */; };
		91AB44CA18E1C3F800B78719 /* spade_4@2x.png in Resources */ = {isa = PBXBuildFile; fileRef = 91AB44C818E1C3F800B78719 /* spade_4@2x.png */; };
		91AB44CB18E1C3F800B78719 /* spade_4.png in Resources */ = {isa = PBXBuildFile; fileRef = 91AB44C918E1C3F800B78719 /* spade_4.png */; };
		91B271E618E4C51F00B7C839 /* party_night-wide_3@2x.jpg in Resources */ = {isa = PBXBuildFile; fileRef = 91B271E518E4C51F00B7C839 /* party_night-wide_3@2x.jpg */; };
		91D2220C188DAA7100750688 /* SpadeMyEventsCell.m in Sources */ = {isa = PBXBuildFile; fileRef = 91D2220B188DAA7100750688 /* SpadeMyEventsCell.m */; };
		91D2220E188DB75F00750688 /* MapKit.framework in Frameworks */ = {isa = PBXBuildFile; fileRef = 91D2220D188DB75F00750688 /* MapKit.framework */; };
		91D22211188DB95200750688 /* SpadeMapViewController.m in Sources */ = {isa = PBXBuildFile; fileRef = 91D22210188DB95200750688 /* SpadeMapViewController.m */; };
		91D8574F18AB0F6400615874 /* SpadeCacherTest.m in Sources */ = {isa = PBXBuildFile; fileRef = 91D8574E18AB0F6400615874 /* SpadeCacherTest.m */; };
		91D9D6351842F643005BD0BC /* Parse.framework in Frameworks */ = {isa = PBXBuildFile; fileRef = 91D9D6341842F643005BD0BC /* Parse.framework */; };
		91D9D6371842F72A005BD0BC /* AudioToolbox.framework in Frameworks */ = {isa = PBXBuildFile; fileRef = 91D9D6361842F72A005BD0BC /* AudioToolbox.framework */; };
		91D9D6391842F735005BD0BC /* CFNetwork.framework in Frameworks */ = {isa = PBXBuildFile; fileRef = 91D9D6381842F735005BD0BC /* CFNetwork.framework */; };
		91D9D63B1842F749005BD0BC /* CoreLocation.framework in Frameworks */ = {isa = PBXBuildFile; fileRef = 91D9D63A1842F749005BD0BC /* CoreLocation.framework */; };
		91D9D63D1842F755005BD0BC /* libz.1.1.3.dylib in Frameworks */ = {isa = PBXBuildFile; fileRef = 91D9D63C1842F755005BD0BC /* libz.1.1.3.dylib */; };
		91D9D63F1842F75E005BD0BC /* MobileCoreServices.framework in Frameworks */ = {isa = PBXBuildFile; fileRef = 91D9D63E1842F75E005BD0BC /* MobileCoreServices.framework */; };
		91D9D6411842F766005BD0BC /* QuartzCore.framework in Frameworks */ = {isa = PBXBuildFile; fileRef = 91D9D6401842F766005BD0BC /* QuartzCore.framework */; };
		91D9D6431842F771005BD0BC /* Security.framework in Frameworks */ = {isa = PBXBuildFile; fileRef = 91D9D6421842F771005BD0BC /* Security.framework */; };
		91D9D6471842F783005BD0BC /* SystemConfiguration.framework in Frameworks */ = {isa = PBXBuildFile; fileRef = 91D9D6461842F783005BD0BC /* SystemConfiguration.framework */; };
		91D9D64A1843021D005BD0BC /* SpadeLoginViewController.m in Sources */ = {isa = PBXBuildFile; fileRef = 91D9D6491843021D005BD0BC /* SpadeLoginViewController.m */; };
		91D9D65518432156005BD0BC /* FacebookSDK.framework in Frameworks */ = {isa = PBXBuildFile; fileRef = 91D9D65418432156005BD0BC /* FacebookSDK.framework */; };
		91E5006E18F8C77F004BD33D /* dark_exa_@2X.png in Resources */ = {isa = PBXBuildFile; fileRef = 91E5006C18F8C77F004BD33D /* dark_exa_@2X.png */; };
		91E5006F18F8C77F004BD33D /* dark_exa.png in Resources */ = {isa = PBXBuildFile; fileRef = 91E5006D18F8C77F004BD33D /* dark_exa.png */; };
		91E5007218F8CA1E004BD33D /* SpadeInviteCodeViewController.m in Sources */ = {isa = PBXBuildFile; fileRef = 91E5007118F8CA1E004BD33D /* SpadeInviteCodeViewController.m */; };
		91E5007518F8CBFD004BD33D /* argyle_@2X.png in Resources */ = {isa = PBXBuildFile; fileRef = 91E5007318F8CBFD004BD33D /* argyle_@2X.png */; };
		91E5007618F8CBFD004BD33D /* argyle.png in Resources */ = {isa = PBXBuildFile; fileRef = 91E5007418F8CBFD004BD33D /* argyle.png */; };
		91E962B418862743007D1BDE /* SpadePhotoCell.m in Sources */ = {isa = PBXBuildFile; fileRef = 91E962B318862743007D1BDE /* SpadePhotoCell.m */; };
		91F74AA8187CF72600F322BC /* SpadeChatViewController.m in Sources */ = {isa = PBXBuildFile; fileRef = 91F74AA7187CF72600F322BC /* SpadeChatViewController.m */; };
		91F74AAB187D0A8900F322BC /* SpadeEventCreationViewController.m in Sources */ = {isa = PBXBuildFile; fileRef = 91F74AAA187D0A8900F322BC /* SpadeEventCreationViewController.m */; };
		91F74AB1187E2C5500F322BC /* SpadeEventCell.m in Sources */ = {isa = PBXBuildFile; fileRef = 91F74AB0187E2C5500F322BC /* SpadeEventCell.m */; };
		91F74AB4187E304200F322BC /* SpadeEventVenueCell.m in Sources */ = {isa = PBXBuildFile; fileRef = 91F74AB3187E304200F322BC /* SpadeEventVenueCell.m */; };
		91FF259B1859791600FA923A /* CoreFoundation.framework in Frameworks */ = {isa = PBXBuildFile; fileRef = 91FF259A1859791600FA923A /* CoreFoundation.framework */; };
/* End PBXBuildFile section */

/* Begin PBXContainerItemProxy section */
		9141E88718407A5000A5DE15 /* PBXContainerItemProxy */ = {
			isa = PBXContainerItemProxy;
			containerPortal = 9141E85918407A5000A5DE15 /* Project object */;
			proxyType = 1;
			remoteGlobalIDString = 9141E86018407A5000A5DE15;
			remoteInfo = Spade;
		};
/* End PBXContainerItemProxy section */

/* Begin PBXFileReference section */
		9112354018569F170092253B /* SpadeEventController.h */ = {isa = PBXFileReference; fileEncoding = 4; lastKnownFileType = sourcecode.c.h; path = SpadeEventController.h; sourceTree = "<group>"; };
		9112354118569F170092253B /* SpadeEventController.m */ = {isa = PBXFileReference; fileEncoding = 4; lastKnownFileType = sourcecode.c.objc; path = SpadeEventController.m; sourceTree = "<group>"; };
		91175E0918E5288A002BA37A /* Center-Tab@2x.png */ = {isa = PBXFileReference; lastKnownFileType = image.png; path = "Center-Tab@2x.png"; sourceTree = "<group>"; };
		91175E0A18E5288A002BA37A /* Center-Tab.png */ = {isa = PBXFileReference; lastKnownFileType = image.png; path = "Center-Tab.png"; sourceTree = "<group>"; };
		91175E0D18E52C96002BA37A /* tabBarBackGround.png */ = {isa = PBXFileReference; lastKnownFileType = image.png; path = tabBarBackGround.png; sourceTree = "<group>"; };
		91175E0E18E52C96002BA37A /* tabBarBackGround@2x.png */ = {isa = PBXFileReference; lastKnownFileType = image.png; path = "tabBarBackGround@2x.png"; sourceTree = "<group>"; };
		91175E1518E531DA002BA37A /* tabBarBackGround_V2.png */ = {isa = PBXFileReference; lastKnownFileType = image.png; path = tabBarBackGround_V2.png; sourceTree = "<group>"; };
		91175E1618E531DA002BA37A /* tabBarBackGround_V2@2x.png */ = {isa = PBXFileReference; lastKnownFileType = image.png; path = "tabBarBackGround_V2@2x.png"; sourceTree = "<group>"; };
		91175E1918E533E8002BA37A /* tabBarSelected.png */ = {isa = PBXFileReference; lastKnownFileType = image.png; path = tabBarSelected.png; sourceTree = "<group>"; };
		91175E1A18E533E8002BA37A /* tabBarSelected@2x.png */ = {isa = PBXFileReference; lastKnownFileType = image.png; path = "tabBarSelected@2x.png"; sourceTree = "<group>"; };
		91175E1D18E537E1002BA37A /* SpadeMapSlideViewController.h */ = {isa = PBXFileReference; fileEncoding = 4; lastKnownFileType = sourcecode.c.h; path = SpadeMapSlideViewController.h; sourceTree = "<group>"; };
		91175E1E18E537E1002BA37A /* SpadeMapSlideViewController.m */ = {isa = PBXFileReference; fileEncoding = 4; lastKnownFileType = sourcecode.c.objc; path = SpadeMapSlideViewController.m; sourceTree = "<group>"; };
		911B8F6518820BC900BCED88 /* SpadeNameCell.h */ = {isa = PBXFileReference; fileEncoding = 4; lastKnownFileType = sourcecode.c.h; path = SpadeNameCell.h; sourceTree = "<group>"; };
		911B8F6618820BC900BCED88 /* SpadeNameCell.m */ = {isa = PBXFileReference; fileEncoding = 4; lastKnownFileType = sourcecode.c.objc; path = SpadeNameCell.m; sourceTree = "<group>"; };
		91206109184A62E700E3DA0C /* SpadeUtility.h */ = {isa = PBXFileReference; fileEncoding = 4; lastKnownFileType = sourcecode.c.h; path = SpadeUtility.h; sourceTree = "<group>"; };
		9120610A184A62E700E3DA0C /* SpadeUtility.m */ = {isa = PBXFileReference; fileEncoding = 4; lastKnownFileType = sourcecode.c.objc; path = SpadeUtility.m; sourceTree = "<group>"; };
		91221334185C407300BA29E8 /* SpadeVenueTableViewController.h */ = {isa = PBXFileReference; fileEncoding = 4; lastKnownFileType = sourcecode.c.h; path = SpadeVenueTableViewController.h; sourceTree = "<group>"; };
		91221335185C407300BA29E8 /* SpadeVenueTableViewController.m */ = {isa = PBXFileReference; fileEncoding = 4; lastKnownFileType = sourcecode.c.objc; path = SpadeVenueTableViewController.m; sourceTree = "<group>"; };
		91221337185CCED500BA29E8 /* SpadeVenueDetailViewController.h */ = {isa = PBXFileReference; fileEncoding = 4; lastKnownFileType = sourcecode.c.h; path = SpadeVenueDetailViewController.h; sourceTree = "<group>"; };
		91221338185CCED500BA29E8 /* SpadeVenueDetailViewController.m */ = {isa = PBXFileReference; fileEncoding = 4; lastKnownFileType = sourcecode.c.objc; path = SpadeVenueDetailViewController.m; sourceTree = "<group>"; };
		9124528618E244340071CE3B /* spade_5@2x.png */ = {isa = PBXFileReference; lastKnownFileType = image.png; name = "spade_5@2x.png"; path = "../spade_5@2x.png"; sourceTree = "<group>"; };
		9124528718E244340071CE3B /* spade_5.png */ = {isa = PBXFileReference; lastKnownFileType = image.png; name = spade_5.png; path = ../spade_5.png; sourceTree = "<group>"; };
		9124529618E287720071CE3B /* spade_6@2x.png */ = {isa = PBXFileReference; lastKnownFileType = image.png; path = "spade_6@2x.png"; sourceTree = "<group>"; };
		9124529718E287720071CE3B /* spade_6.png */ = {isa = PBXFileReference; lastKnownFileType = image.png; path = spade_6.png; sourceTree = "<group>"; };
		9124529C18E28CE80071CE3B /* Defaulttttt.png */ = {isa = PBXFileReference; lastKnownFileType = image.png; name = Defaulttttt.png; path = ../Defaulttttt.png; sourceTree = "<group>"; };
		9124529D18E28CE80071CE3B /* Defaultttttt@2x.png */ = {isa = PBXFileReference; lastKnownFileType = image.png; name = "Defaultttttt@2x.png"; path = "../Defaultttttt@2x.png"; sourceTree = "<group>"; };
		912452A218E28D8B0071CE3B /* Test.png */ = {isa = PBXFileReference; lastKnownFileType = image.png; path = Test.png; sourceTree = "<group>"; };
		912452A418E2912F0071CE3B /* LoginLogo2.png */ = {isa = PBXFileReference; lastKnownFileType = image.png; path = LoginLogo2.png; sourceTree = "<group>"; };
		912452AC18E2985D0071CE3B /* Spade-Icon.png */ = {isa = PBXFileReference; lastKnownFileType = image.png; path = "Spade-Icon.png"; sourceTree = SOURCE_ROOT; };
		9133C12018A2E4E600730B9E /* FlatUIKit.h */ = {isa = PBXFileReference; fileEncoding = 4; lastKnownFileType = sourcecode.c.h; name = FlatUIKit.h; path = Spade/FlatUIKit.h; sourceTree = "<group>"; };
		9133C12118A2E4E600730B9E /* FUIAlertView.h */ = {isa = PBXFileReference; fileEncoding = 4; lastKnownFileType = sourcecode.c.h; name = FUIAlertView.h; path = Spade/FUIAlertView.h; sourceTree = "<group>"; };
		9133C12218A2E4E600730B9E /* FUIAlertView.m */ = {isa = PBXFileReference; fileEncoding = 4; lastKnownFileType = sourcecode.c.objc; name = FUIAlertView.m; path = Spade/FUIAlertView.m; sourceTree = "<group>"; };
		9133C12318A2E4E600730B9E /* FUIButton.h */ = {isa = PBXFileReference; fileEncoding = 4; lastKnownFileType = sourcecode.c.h; name = FUIButton.h; path = Spade/FUIButton.h; sourceTree = "<group>"; };
		9133C12418A2E4E600730B9E /* FUIButton.m */ = {isa = PBXFileReference; fileEncoding = 4; lastKnownFileType = sourcecode.c.objc; name = FUIButton.m; path = Spade/FUIButton.m; sourceTree = "<group>"; };
		9133C12518A2E4E600730B9E /* FUICellBackgroundView.h */ = {isa = PBXFileReference; fileEncoding = 4; lastKnownFileType = sourcecode.c.h; name = FUICellBackgroundView.h; path = Spade/FUICellBackgroundView.h; sourceTree = "<group>"; };
		9133C12618A2E4E600730B9E /* FUICellBackgroundView.m */ = {isa = PBXFileReference; fileEncoding = 4; lastKnownFileType = sourcecode.c.objc; name = FUICellBackgroundView.m; path = Spade/FUICellBackgroundView.m; sourceTree = "<group>"; };
		9133C12718A2E4E600730B9E /* FUIPopoverBackgroundView.h */ = {isa = PBXFileReference; fileEncoding = 4; lastKnownFileType = sourcecode.c.h; name = FUIPopoverBackgroundView.h; path = Spade/FUIPopoverBackgroundView.h; sourceTree = "<group>"; };
		9133C12818A2E4E600730B9E /* FUIPopoverBackgroundView.m */ = {isa = PBXFileReference; fileEncoding = 4; lastKnownFileType = sourcecode.c.objc; name = FUIPopoverBackgroundView.m; path = Spade/FUIPopoverBackgroundView.m; sourceTree = "<group>"; };
		9133C12918A2E4E600730B9E /* FUISegmentedControl.h */ = {isa = PBXFileReference; fileEncoding = 4; lastKnownFileType = sourcecode.c.h; name = FUISegmentedControl.h; path = Spade/FUISegmentedControl.h; sourceTree = "<group>"; };
		9133C12A18A2E4E600730B9E /* FUISegmentedControl.m */ = {isa = PBXFileReference; fileEncoding = 4; lastKnownFileType = sourcecode.c.objc; name = FUISegmentedControl.m; path = Spade/FUISegmentedControl.m; sourceTree = "<group>"; };
		9133C12B18A2E4E600730B9E /* FUISwitch.h */ = {isa = PBXFileReference; fileEncoding = 4; lastKnownFileType = sourcecode.c.h; name = FUISwitch.h; path = Spade/FUISwitch.h; sourceTree = "<group>"; };
		9133C12C18A2E4E600730B9E /* FUISwitch.m */ = {isa = PBXFileReference; fileEncoding = 4; lastKnownFileType = sourcecode.c.objc; name = FUISwitch.m; path = Spade/FUISwitch.m; sourceTree = "<group>"; };
		9133C12D18A2E4E600730B9E /* FUITextField.h */ = {isa = PBXFileReference; fileEncoding = 4; lastKnownFileType = sourcecode.c.h; name = FUITextField.h; path = Spade/FUITextField.h; sourceTree = "<group>"; };
		9133C12E18A2E4E600730B9E /* FUITextField.m */ = {isa = PBXFileReference; fileEncoding = 4; lastKnownFileType = sourcecode.c.objc; name = FUITextField.m; path = Spade/FUITextField.m; sourceTree = "<group>"; };
		9133C12F18A2E4E600730B9E /* UIBarButtonItem+FlatUI.h */ = {isa = PBXFileReference; fileEncoding = 4; lastKnownFileType = sourcecode.c.h; name = "UIBarButtonItem+FlatUI.h"; path = "Spade/UIBarButtonItem+FlatUI.h"; sourceTree = "<group>"; };
		9133C13018A2E4E600730B9E /* UIBarButtonItem+FlatUI.m */ = {isa = PBXFileReference; fileEncoding = 4; lastKnownFileType = sourcecode.c.objc; name = "UIBarButtonItem+FlatUI.m"; path = "Spade/UIBarButtonItem+FlatUI.m"; sourceTree = "<group>"; };
		9133C13118A2E4E600730B9E /* UIColor+FlatUI.h */ = {isa = PBXFileReference; fileEncoding = 4; lastKnownFileType = sourcecode.c.h; name = "UIColor+FlatUI.h"; path = "Spade/UIColor+FlatUI.h"; sourceTree = "<group>"; };
		9133C13218A2E4E600730B9E /* UIColor+FlatUI.m */ = {isa = PBXFileReference; fileEncoding = 4; lastKnownFileType = sourcecode.c.objc; name = "UIColor+FlatUI.m"; path = "Spade/UIColor+FlatUI.m"; sourceTree = "<group>"; };
		9133C13318A2E4E600730B9E /* UIFont+FlatUI.h */ = {isa = PBXFileReference; fileEncoding = 4; lastKnownFileType = sourcecode.c.h; name = "UIFont+FlatUI.h"; path = "Spade/UIFont+FlatUI.h"; sourceTree = "<group>"; };
		9133C13418A2E4E600730B9E /* UIFont+FlatUI.m */ = {isa = PBXFileReference; fileEncoding = 4; lastKnownFileType = sourcecode.c.objc; name = "UIFont+FlatUI.m"; path = "Spade/UIFont+FlatUI.m"; sourceTree = "<group>"; };
		9133C13518A2E4E600730B9E /* UIImage+FlatUI.h */ = {isa = PBXFileReference; fileEncoding = 4; lastKnownFileType = sourcecode.c.h; name = "UIImage+FlatUI.h"; path = "Spade/UIImage+FlatUI.h"; sourceTree = "<group>"; };
		9133C13618A2E4E600730B9E /* UIImage+FlatUI.m */ = {isa = PBXFileReference; fileEncoding = 4; lastKnownFileType = sourcecode.c.objc; name = "UIImage+FlatUI.m"; path = "Spade/UIImage+FlatUI.m"; sourceTree = "<group>"; };
		9133C13718A2E4E600730B9E /* UINavigationBar+FlatUI.h */ = {isa = PBXFileReference; fileEncoding = 4; lastKnownFileType = sourcecode.c.h; name = "UINavigationBar+FlatUI.h"; path = "Spade/UINavigationBar+FlatUI.h"; sourceTree = "<group>"; };
		9133C13818A2E4E600730B9E /* UINavigationBar+FlatUI.m */ = {isa = PBXFileReference; fileEncoding = 4; lastKnownFileType = sourcecode.c.objc; name = "UINavigationBar+FlatUI.m"; path = "Spade/UINavigationBar+FlatUI.m"; sourceTree = "<group>"; };
		9133C13918A2E4E600730B9E /* UIPopoverController+FlatUI.h */ = {isa = PBXFileReference; fileEncoding = 4; lastKnownFileType = sourcecode.c.h; name = "UIPopoverController+FlatUI.h"; path = "Spade/UIPopoverController+FlatUI.h"; sourceTree = "<group>"; };
		9133C13A18A2E4E600730B9E /* UIPopoverController+FlatUI.m */ = {isa = PBXFileReference; fileEncoding = 4; lastKnownFileType = sourcecode.c.objc; name = "UIPopoverController+FlatUI.m"; path = "Spade/UIPopoverController+FlatUI.m"; sourceTree = "<group>"; };
		9133C13B18A2E4E600730B9E /* UIProgressView+FlatUI.h */ = {isa = PBXFileReference; fileEncoding = 4; lastKnownFileType = sourcecode.c.h; name = "UIProgressView+FlatUI.h"; path = "Spade/UIProgressView+FlatUI.h"; sourceTree = "<group>"; };
		9133C13C18A2E4E600730B9E /* UIProgressView+FlatUI.m */ = {isa = PBXFileReference; fileEncoding = 4; lastKnownFileType = sourcecode.c.objc; name = "UIProgressView+FlatUI.m"; path = "Spade/UIProgressView+FlatUI.m"; sourceTree = "<group>"; };
		9133C13D18A2E4E600730B9E /* UISlider+FlatUI.h */ = {isa = PBXFileReference; fileEncoding = 4; lastKnownFileType = sourcecode.c.h; name = "UISlider+FlatUI.h"; path = "Spade/UISlider+FlatUI.h"; sourceTree = "<group>"; };
		9133C13E18A2E4E600730B9E /* UISlider+FlatUI.m */ = {isa = PBXFileReference; fileEncoding = 4; lastKnownFileType = sourcecode.c.objc; name = "UISlider+FlatUI.m"; path = "Spade/UISlider+FlatUI.m"; sourceTree = "<group>"; };
		9133C13F18A2E4E600730B9E /* UIStepper+FlatUI.h */ = {isa = PBXFileReference; fileEncoding = 4; lastKnownFileType = sourcecode.c.h; name = "UIStepper+FlatUI.h"; path = "Spade/UIStepper+FlatUI.h"; sourceTree = "<group>"; };
		9133C14018A2E4E600730B9E /* UIStepper+FlatUI.m */ = {isa = PBXFileReference; fileEncoding = 4; lastKnownFileType = sourcecode.c.objc; name = "UIStepper+FlatUI.m"; path = "Spade/UIStepper+FlatUI.m"; sourceTree = "<group>"; };
		9133C14118A2E4E600730B9E /* UITabBar+FlatUI.h */ = {isa = PBXFileReference; fileEncoding = 4; lastKnownFileType = sourcecode.c.h; name = "UITabBar+FlatUI.h"; path = "Spade/UITabBar+FlatUI.h"; sourceTree = "<group>"; };
		9133C14218A2E4E600730B9E /* UITabBar+FlatUI.m */ = {isa = PBXFileReference; fileEncoding = 4; lastKnownFileType = sourcecode.c.objc; name = "UITabBar+FlatUI.m"; path = "Spade/UITabBar+FlatUI.m"; sourceTree = "<group>"; };
		9133C14318A2E4E600730B9E /* UITableViewCell+FlatUI.h */ = {isa = PBXFileReference; fileEncoding = 4; lastKnownFileType = sourcecode.c.h; name = "UITableViewCell+FlatUI.h"; path = "Spade/UITableViewCell+FlatUI.h"; sourceTree = "<group>"; };
		9133C14418A2E4E600730B9E /* UITableViewCell+FlatUI.m */ = {isa = PBXFileReference; fileEncoding = 4; lastKnownFileType = sourcecode.c.objc; name = "UITableViewCell+FlatUI.m"; path = "Spade/UITableViewCell+FlatUI.m"; sourceTree = "<group>"; };
		9133C14518A2E4E600730B9E /* UIToolbar+FlatUI.h */ = {isa = PBXFileReference; fileEncoding = 4; lastKnownFileType = sourcecode.c.h; name = "UIToolbar+FlatUI.h"; path = "Spade/UIToolbar+FlatUI.h"; sourceTree = "<group>"; };
		9133C14618A2E4E600730B9E /* UIToolbar+FlatUI.m */ = {isa = PBXFileReference; fileEncoding = 4; lastKnownFileType = sourcecode.c.objc; name = "UIToolbar+FlatUI.m"; path = "Spade/UIToolbar+FlatUI.m"; sourceTree = "<group>"; };
		913DE257187B5CE000CDBCE7 /* leather.png */ = {isa = PBXFileReference; lastKnownFileType = image.png; name = leather.png; path = ../../../../Dropbox/Spade/leather.png; sourceTree = "<group>"; };
		913DE258187B5CE000CDBCE7 /* nicubunu_Card_symbols_Spade.jpeg */ = {isa = PBXFileReference; lastKnownFileType = image.jpeg; name = nicubunu_Card_symbols_Spade.jpeg; path = ../../../../Dropbox/Spade/nicubunu_Card_symbols_Spade.jpeg; sourceTree = "<group>"; };
		9141E86118407A5000A5DE15 /* Spade.app */ = {isa = PBXFileReference; explicitFileType = wrapper.application; includeInIndex = 0; path = Spade.app; sourceTree = BUILT_PRODUCTS_DIR; };
		9141E86418407A5000A5DE15 /* Foundation.framework */ = {isa = PBXFileReference; lastKnownFileType = wrapper.framework; name = Foundation.framework; path = System/Library/Frameworks/Foundation.framework; sourceTree = SDKROOT; };
		9141E86618407A5000A5DE15 /* CoreGraphics.framework */ = {isa = PBXFileReference; lastKnownFileType = wrapper.framework; name = CoreGraphics.framework; path = System/Library/Frameworks/CoreGraphics.framework; sourceTree = SDKROOT; };
		9141E86818407A5000A5DE15 /* UIKit.framework */ = {isa = PBXFileReference; lastKnownFileType = wrapper.framework; name = UIKit.framework; path = System/Library/Frameworks/UIKit.framework; sourceTree = SDKROOT; };
		9141E86C18407A5000A5DE15 /* Spade-Info.plist */ = {isa = PBXFileReference; lastKnownFileType = text.plist.xml; path = "Spade-Info.plist"; sourceTree = "<group>"; };
		9141E86E18407A5000A5DE15 /* en */ = {isa = PBXFileReference; lastKnownFileType = text.plist.strings; name = en; path = en.lproj/InfoPlist.strings; sourceTree = "<group>"; };
		9141E87018407A5000A5DE15 /* main.m */ = {isa = PBXFileReference; lastKnownFileType = sourcecode.c.objc; path = main.m; sourceTree = "<group>"; };
		9141E87218407A5000A5DE15 /* Spade-Prefix.pch */ = {isa = PBXFileReference; lastKnownFileType = sourcecode.c.h; path = "Spade-Prefix.pch"; sourceTree = "<group>"; };
		9141E87318407A5000A5DE15 /* SpadeAppDelegate.h */ = {isa = PBXFileReference; lastKnownFileType = sourcecode.c.h; path = SpadeAppDelegate.h; sourceTree = "<group>"; };
		9141E87418407A5000A5DE15 /* SpadeAppDelegate.m */ = {isa = PBXFileReference; lastKnownFileType = sourcecode.c.objc; path = SpadeAppDelegate.m; sourceTree = "<group>"; };
		9141E87718407A5000A5DE15 /* Base */ = {isa = PBXFileReference; lastKnownFileType = file.storyboard; name = Base; path = Base.lproj/Main.storyboard; sourceTree = "<group>"; };
		9141E87C18407A5000A5DE15 /* Images.xcassets */ = {isa = PBXFileReference; lastKnownFileType = folder.assetcatalog; path = Images.xcassets; sourceTree = "<group>"; };
		9141E88218407A5000A5DE15 /* SpadeTests.xctest */ = {isa = PBXFileReference; explicitFileType = wrapper.cfbundle; includeInIndex = 0; path = SpadeTests.xctest; sourceTree = BUILT_PRODUCTS_DIR; };
		9141E88318407A5000A5DE15 /* XCTest.framework */ = {isa = PBXFileReference; lastKnownFileType = wrapper.framework; name = XCTest.framework; path = Library/Frameworks/XCTest.framework; sourceTree = DEVELOPER_DIR; };
		9141E88B18407A5000A5DE15 /* SpadeTests-Info.plist */ = {isa = PBXFileReference; lastKnownFileType = text.plist.xml; path = "SpadeTests-Info.plist"; sourceTree = "<group>"; };
		9141E88D18407A5000A5DE15 /* en */ = {isa = PBXFileReference; lastKnownFileType = text.plist.strings; name = en; path = en.lproj/InfoPlist.strings; sourceTree = "<group>"; };
		9141E88F18407A5000A5DE15 /* SpadeTests.m */ = {isa = PBXFileReference; lastKnownFileType = sourcecode.c.objc; path = SpadeTests.m; sourceTree = "<group>"; };
		9158421018E86932009F1BE8 /* iCarousel.h */ = {isa = PBXFileReference; fileEncoding = 4; lastKnownFileType = sourcecode.c.h; path = iCarousel.h; sourceTree = "<group>"; };
		9158421118E86932009F1BE8 /* iCarousel.m */ = {isa = PBXFileReference; fileEncoding = 4; lastKnownFileType = sourcecode.c.objc; path = iCarousel.m; sourceTree = "<group>"; };
		915BEDA81857DB5A00FCA17A /* UIImage+ResizeAdditions.h */ = {isa = PBXFileReference; fileEncoding = 4; lastKnownFileType = sourcecode.c.h; name = "UIImage+ResizeAdditions.h"; path = "../../../Downloads/ParsePlatform-Anypic-cd02eb4/Anypic-iOS/Anypic/UIImage+ResizeAdditions.h"; sourceTree = "<group>"; };
		915BEDA91857DB5A00FCA17A /* UIImage+ResizeAdditions.m */ = {isa = PBXFileReference; fileEncoding = 4; lastKnownFileType = sourcecode.c.objc; name = "UIImage+ResizeAdditions.m"; path = "../../../Downloads/ParsePlatform-Anypic-cd02eb4/Anypic-iOS/Anypic/UIImage+ResizeAdditions.m"; sourceTree = "<group>"; };
		915BEDAA1857DB5A00FCA17A /* UIImage+AlphaAdditions.h */ = {isa = PBXFileReference; fileEncoding = 4; lastKnownFileType = sourcecode.c.h; name = "UIImage+AlphaAdditions.h"; path = "../../../Downloads/ParsePlatform-Anypic-cd02eb4/Anypic-iOS/Anypic/UIImage+AlphaAdditions.h"; sourceTree = "<group>"; };
		915BEDAB1857DB5A00FCA17A /* UIImage+AlphaAdditions.m */ = {isa = PBXFileReference; fileEncoding = 4; lastKnownFileType = sourcecode.c.objc; name = "UIImage+AlphaAdditions.m"; path = "../../../Downloads/ParsePlatform-Anypic-cd02eb4/Anypic-iOS/Anypic/UIImage+AlphaAdditions.m"; sourceTree = "<group>"; };
		915BEDAC1857DB5A00FCA17A /* UIImage+RoundedCornerAdditions.h */ = {isa = PBXFileReference; fileEncoding = 4; lastKnownFileType = sourcecode.c.h; name = "UIImage+RoundedCornerAdditions.h"; path = "../../../Downloads/ParsePlatform-Anypic-cd02eb4/Anypic-iOS/Anypic/UIImage+RoundedCornerAdditions.h"; sourceTree = "<group>"; };
		915BEDAD1857DB5A00FCA17A /* UIImage+RoundedCornerAdditions.m */ = {isa = PBXFileReference; fileEncoding = 4; lastKnownFileType = sourcecode.c.objc; name = "UIImage+RoundedCornerAdditions.m"; path = "../../../Downloads/ParsePlatform-Anypic-cd02eb4/Anypic-iOS/Anypic/UIImage+RoundedCornerAdditions.m"; sourceTree = "<group>"; };
		91632CEE1857CFE000FB276E /* SpadeProfileController.h */ = {isa = PBXFileReference; fileEncoding = 4; lastKnownFileType = sourcecode.c.h; path = SpadeProfileController.h; sourceTree = "<group>"; };
		91632CEF1857CFE000FB276E /* SpadeProfileController.m */ = {isa = PBXFileReference; fileEncoding = 4; lastKnownFileType = sourcecode.c.objc; path = SpadeProfileController.m; sourceTree = "<group>"; };
		917CE60518FB7EAB0076D5A1 /* MessageUI.framework */ = {isa = PBXFileReference; lastKnownFileType = wrapper.framework; name = MessageUI.framework; path = System/Library/Frameworks/MessageUI.framework; sourceTree = SDKROOT; };
		917FA75218E3C7BA009EDEF2 /* SpadeMainSlideViewController.h */ = {isa = PBXFileReference; fileEncoding = 4; lastKnownFileType = sourcecode.c.h; path = SpadeMainSlideViewController.h; sourceTree = "<group>"; };
		917FA75318E3C7BA009EDEF2 /* SpadeMainSlideViewController.m */ = {isa = PBXFileReference; fileEncoding = 4; lastKnownFileType = sourcecode.c.objc; path = SpadeMainSlideViewController.m; sourceTree = "<group>"; };
		9188E52D184EE7FD00C72151 /* SpadeFeedController.h */ = {isa = PBXFileReference; fileEncoding = 4; lastKnownFileType = sourcecode.c.h; path = SpadeFeedController.h; sourceTree = "<group>"; };
		9188E52E184EE7FD00C72151 /* SpadeFeedController.m */ = {isa = PBXFileReference; fileEncoding = 4; lastKnownFileType = sourcecode.c.objc; path = SpadeFeedController.m; sourceTree = "<group>"; };
		9196A8CE1868D60700513082 /* default_venue_Image.jpeg */ = {isa = PBXFileReference; lastKnownFileType = image.jpeg; name = default_venue_Image.jpeg; path = ../../../../Dropbox/Spade/default_venue_Image.jpeg; sourceTree = "<group>"; };
		9196A8D01868D61300513082 /* skyline_7@2x.png */ = {isa = PBXFileReference; lastKnownFileType = image.png; name = "skyline_7@2x.png"; path = "../../../../Dropbox/Spade/skyline_7@2x.png"; sourceTree = "<group>"; };
		9196A8D21868D61B00513082 /* skyline@2x.png */ = {isa = PBXFileReference; lastKnownFileType = image.png; name = "skyline@2x.png"; path = "../../../../Dropbox/Spade/skyline@2x.png"; sourceTree = "<group>"; };
		9196A8D41868D90900513082 /* SpadeCache.h */ = {isa = PBXFileReference; fileEncoding = 4; lastKnownFileType = sourcecode.c.h; path = SpadeCache.h; sourceTree = "<group>"; };
		9196A8D51868D90900513082 /* SpadeCache.m */ = {isa = PBXFileReference; fileEncoding = 4; lastKnownFileType = sourcecode.c.objc; path = SpadeCache.m; sourceTree = "<group>"; };
		9196A8D7186A919F00513082 /* SpadeEditProfileViewController.h */ = {isa = PBXFileReference; fileEncoding = 4; lastKnownFileType = sourcecode.c.h; path = SpadeEditProfileViewController.h; sourceTree = "<group>"; };
		9196A8D8186A919F00513082 /* SpadeEditProfileViewController.m */ = {isa = PBXFileReference; fileEncoding = 4; lastKnownFileType = sourcecode.c.objc; path = SpadeEditProfileViewController.m; sourceTree = "<group>"; };
		9196A8DA186B574700513082 /* SpadeFriendTableViewController.h */ = {isa = PBXFileReference; fileEncoding = 4; lastKnownFileType = sourcecode.c.h; path = SpadeFriendTableViewController.h; sourceTree = "<group>"; };
		9196A8DB186B574700513082 /* SpadeFriendTableViewController.m */ = {isa = PBXFileReference; fileEncoding = 4; lastKnownFileType = sourcecode.c.objc; path = SpadeFriendTableViewController.m; sourceTree = "<group>"; };
		9196A8DD186C903200513082 /* SpadeConstants.h */ = {isa = PBXFileReference; fileEncoding = 4; lastKnownFileType = sourcecode.c.h; path = SpadeConstants.h; sourceTree = "<group>"; };
		9196A8DE186C903200513082 /* SpadeConstants.m */ = {isa = PBXFileReference; fileEncoding = 4; lastKnownFileType = sourcecode.c.objc; path = SpadeConstants.m; sourceTree = "<group>"; };
		9196A8E0186D29F500513082 /* SpadeFollowCell.h */ = {isa = PBXFileReference; fileEncoding = 4; lastKnownFileType = sourcecode.c.h; path = SpadeFollowCell.h; sourceTree = "<group>"; };
		9196A8E1186D29F500513082 /* SpadeFollowCell.m */ = {isa = PBXFileReference; fileEncoding = 4; lastKnownFileType = sourcecode.c.objc; path = SpadeFollowCell.m; sourceTree = "<group>"; };
		9196A8E3186D2E0400513082 /* AvatarPlaceholder.png */ = {isa = PBXFileReference; lastKnownFileType = image.png; name = AvatarPlaceholder.png; path = "../../../../Downloads/ParsePlatform-Anypic-cd02eb4/Anypic-iOS/Resources/Assets/AvatarPlaceholder.png"; sourceTree = "<group>"; };
		9196A8E4186D2E0400513082 /* AvatarPlaceholder@2x.png */ = {isa = PBXFileReference; lastKnownFileType = image.png; name = "AvatarPlaceholder@2x.png"; path = "../../../../Downloads/ParsePlatform-Anypic-cd02eb4/Anypic-iOS/Resources/Assets/AvatarPlaceholder@2x.png"; sourceTree = "<group>"; };
		9196A8E7186F8ACF00513082 /* SpadeVenueFollowCell.h */ = {isa = PBXFileReference; fileEncoding = 4; lastKnownFileType = sourcecode.c.h; path = SpadeVenueFollowCell.h; sourceTree = "<group>"; };
		9196A8E8186F8ACF00513082 /* SpadeVenueFollowCell.m */ = {isa = PBXFileReference; fileEncoding = 4; lastKnownFileType = sourcecode.c.objc; path = SpadeVenueFollowCell.m; sourceTree = "<group>"; };
		9196A9221870AB7600513082 /* SpadeFriendDetailViewController.h */ = {isa = PBXFileReference; fileEncoding = 4; lastKnownFileType = sourcecode.c.h; path = SpadeFriendDetailViewController.h; sourceTree = "<group>"; };
		9196A9231870AB7600513082 /* SpadeFriendDetailViewController.m */ = {isa = PBXFileReference; fileEncoding = 4; lastKnownFileType = sourcecode.c.objc; path = SpadeFriendDetailViewController.m; sourceTree = "<group>"; };
		9196A92B1871F94A00513082 /* SpadeEventInviteController.h */ = {isa = PBXFileReference; fileEncoding = 4; lastKnownFileType = sourcecode.c.h; path = SpadeEventInviteController.h; sourceTree = "<group>"; };
		9196A92C1871F94A00513082 /* SpadeEventInviteController.m */ = {isa = PBXFileReference; fileEncoding = 4; lastKnownFileType = sourcecode.c.objc; path = SpadeEventInviteController.m; sourceTree = "<group>"; };
		919DC3C218775E57007E8BC0 /* SpadeFeedCell.h */ = {isa = PBXFileReference; fileEncoding = 4; lastKnownFileType = sourcecode.c.h; path = SpadeFeedCell.h; sourceTree = "<group>"; };
		919DC3C318775E57007E8BC0 /* SpadeFeedCell.m */ = {isa = PBXFileReference; fileEncoding = 4; lastKnownFileType = sourcecode.c.objc; path = SpadeFeedCell.m; sourceTree = "<group>"; };
		919DC3C71879F2CF007E8BC0 /* SpadeEventDetailViewController.h */ = {isa = PBXFileReference; fileEncoding = 4; lastKnownFileType = sourcecode.c.h; path = SpadeEventDetailViewController.h; sourceTree = "<group>"; };
		919DC3C81879F2CF007E8BC0 /* SpadeEventDetailViewController.m */ = {isa = PBXFileReference; fileEncoding = 4; lastKnownFileType = sourcecode.c.objc; path = SpadeEventDetailViewController.m; sourceTree = "<group>"; };
		919DC3CA1879FA73007E8BC0 /* SpadeChatCell.h */ = {isa = PBXFileReference; fileEncoding = 4; lastKnownFileType = sourcecode.c.h; path = SpadeChatCell.h; sourceTree = "<group>"; };
		919DC3CB1879FA73007E8BC0 /* SpadeChatCell.m */ = {isa = PBXFileReference; fileEncoding = 4; lastKnownFileType = sourcecode.c.objc; path = SpadeChatCell.m; sourceTree = "<group>"; };
		91AB44AA18E091BA00B78719 /* Lato-Bla.otf */ = {isa = PBXFileReference; lastKnownFileType = file; path = "Lato-Bla.otf"; sourceTree = "<group>"; };
		91AB44AB18E091BA00B78719 /* Lato-BlaIta.otf */ = {isa = PBXFileReference; lastKnownFileType = file; path = "Lato-BlaIta.otf"; sourceTree = "<group>"; };
		91AB44AC18E091BA00B78719 /* Lato-Bol.otf */ = {isa = PBXFileReference; lastKnownFileType = file; path = "Lato-Bol.otf"; sourceTree = "<group>"; };
		91AB44AD18E091BA00B78719 /* Lato-BolIta.otf */ = {isa = PBXFileReference; lastKnownFileType = file; path = "Lato-BolIta.otf"; sourceTree = "<group>"; };
		91AB44AE18E091BA00B78719 /* Lato-Hai.otf */ = {isa = PBXFileReference; lastKnownFileType = file; path = "Lato-Hai.otf"; sourceTree = "<group>"; };
		91AB44AF18E091BA00B78719 /* Lato-HaiIta.otf */ = {isa = PBXFileReference; lastKnownFileType = file; path = "Lato-HaiIta.otf"; sourceTree = "<group>"; };
		91AB44B018E091BA00B78719 /* Lato-Lig.otf */ = {isa = PBXFileReference; lastKnownFileType = file; path = "Lato-Lig.otf"; sourceTree = "<group>"; };
		91AB44B118E091BA00B78719 /* Lato-LigIta.otf */ = {isa = PBXFileReference; lastKnownFileType = file; path = "Lato-LigIta.otf"; sourceTree = "<group>"; };
		91AB44B218E091BA00B78719 /* Lato-Reg.otf */ = {isa = PBXFileReference; lastKnownFileType = file; path = "Lato-Reg.otf"; sourceTree = "<group>"; };
		91AB44B318E091BA00B78719 /* Lato-RegIta.otf */ = {isa = PBXFileReference; lastKnownFileType = file; path = "Lato-RegIta.otf"; sourceTree = "<group>"; };
		91AB44BE18E0F60F00B78719 /* spade.png */ = {isa = PBXFileReference; lastKnownFileType = image.png; path = spade.png; sourceTree = "<group>"; };
		91AB44C018E1B8CC00B78719 /* spade_2@2x.gif */ = {isa = PBXFileReference; lastKnownFileType = image.gif; path = "spade_2@2x.gif"; sourceTree = "<group>"; };
		91AB44C118E1B8CC00B78719 /* spade_2.gif */ = {isa = PBXFileReference; lastKnownFileType = image.gif; path = spade_2.gif; sourceTree = "<group>"; };
		91AB44C418E1C2B500B78719 /* spade_3@2x.png */ = {isa = PBXFileReference; lastKnownFileType = image.png; path = "spade_3@2x.png"; sourceTree = "<group>"; };
		91AB44C518E1C2B500B78719 /* spade_3.png */ = {isa = PBXFileReference; lastKnownFileType = image.png; path = spade_3.png; sourceTree = "<group>"; };
		91AB44C818E1C3F800B78719 /* spade_4@2x.png */ = {isa = PBXFileReference; lastKnownFileType = image.png; path = "spade_4@2x.png"; sourceTree = "<group>"; };
		91AB44C918E1C3F800B78719 /* spade_4.png */ = {isa = PBXFileReference; lastKnownFileType = image.png; path = spade_4.png; sourceTree = "<group>"; };
		91B271E518E4C51F00B7C839 /* party_night-wide_3@2x.jpg */ = {isa = PBXFileReference; lastKnownFileType = image.jpeg; path = "party_night-wide_3@2x.jpg"; sourceTree = "<group>"; };
		91D2220A188DAA7100750688 /* SpadeMyEventsCell.h */ = {isa = PBXFileReference; fileEncoding = 4; lastKnownFileType = sourcecode.c.h; path = SpadeMyEventsCell.h; sourceTree = "<group>"; };
		91D2220B188DAA7100750688 /* SpadeMyEventsCell.m */ = {isa = PBXFileReference; fileEncoding = 4; lastKnownFileType = sourcecode.c.objc; path = SpadeMyEventsCell.m; sourceTree = "<group>"; };
		91D2220D188DB75F00750688 /* MapKit.framework */ = {isa = PBXFileReference; lastKnownFileType = wrapper.framework; name = MapKit.framework; path = System/Library/Frameworks/MapKit.framework; sourceTree = SDKROOT; };
		91D2220F188DB95200750688 /* SpadeMapViewController.h */ = {isa = PBXFileReference; fileEncoding = 4; lastKnownFileType = sourcecode.c.h; path = SpadeMapViewController.h; sourceTree = "<group>"; };
		91D22210188DB95200750688 /* SpadeMapViewController.m */ = {isa = PBXFileReference; fileEncoding = 4; lastKnownFileType = sourcecode.c.objc; path = SpadeMapViewController.m; sourceTree = "<group>"; };
		91D8574D18AB0F6400615874 /* SpadeCacherTest.h */ = {isa = PBXFileReference; fileEncoding = 4; lastKnownFileType = sourcecode.c.h; path = SpadeCacherTest.h; sourceTree = "<group>"; };
		91D8574E18AB0F6400615874 /* SpadeCacherTest.m */ = {isa = PBXFileReference; fileEncoding = 4; lastKnownFileType = sourcecode.c.objc; path = SpadeCacherTest.m; sourceTree = "<group>"; };
		91D9D6341842F643005BD0BC /* Parse.framework */ = {isa = PBXFileReference; lastKnownFileType = wrapper.framework; name = Parse.framework; path = ../../../Downloads/Parse.framework; sourceTree = "<group>"; };
		91D9D6361842F72A005BD0BC /* AudioToolbox.framework */ = {isa = PBXFileReference; lastKnownFileType = wrapper.framework; name = AudioToolbox.framework; path = System/Library/Frameworks/AudioToolbox.framework; sourceTree = SDKROOT; };
		91D9D6381842F735005BD0BC /* CFNetwork.framework */ = {isa = PBXFileReference; lastKnownFileType = wrapper.framework; name = CFNetwork.framework; path = System/Library/Frameworks/CFNetwork.framework; sourceTree = SDKROOT; };
		91D9D63A1842F749005BD0BC /* CoreLocation.framework */ = {isa = PBXFileReference; lastKnownFileType = wrapper.framework; name = CoreLocation.framework; path = System/Library/Frameworks/CoreLocation.framework; sourceTree = SDKROOT; };
		91D9D63C1842F755005BD0BC /* libz.1.1.3.dylib */ = {isa = PBXFileReference; lastKnownFileType = "compiled.mach-o.dylib"; name = libz.1.1.3.dylib; path = usr/lib/libz.1.1.3.dylib; sourceTree = SDKROOT; };
		91D9D63E1842F75E005BD0BC /* MobileCoreServices.framework */ = {isa = PBXFileReference; lastKnownFileType = wrapper.framework; name = MobileCoreServices.framework; path = System/Library/Frameworks/MobileCoreServices.framework; sourceTree = SDKROOT; };
		91D9D6401842F766005BD0BC /* QuartzCore.framework */ = {isa = PBXFileReference; lastKnownFileType = wrapper.framework; name = QuartzCore.framework; path = System/Library/Frameworks/QuartzCore.framework; sourceTree = SDKROOT; };
		91D9D6421842F771005BD0BC /* Security.framework */ = {isa = PBXFileReference; lastKnownFileType = wrapper.framework; name = Security.framework; path = System/Library/Frameworks/Security.framework; sourceTree = SDKROOT; };
		91D9D6461842F783005BD0BC /* SystemConfiguration.framework */ = {isa = PBXFileReference; lastKnownFileType = wrapper.framework; name = SystemConfiguration.framework; path = System/Library/Frameworks/SystemConfiguration.framework; sourceTree = SDKROOT; };
		91D9D6481843021D005BD0BC /* SpadeLoginViewController.h */ = {isa = PBXFileReference; fileEncoding = 4; lastKnownFileType = sourcecode.c.h; path = SpadeLoginViewController.h; sourceTree = "<group>"; };
		91D9D6491843021D005BD0BC /* SpadeLoginViewController.m */ = {isa = PBXFileReference; fileEncoding = 4; lastKnownFileType = sourcecode.c.objc; path = SpadeLoginViewController.m; sourceTree = "<group>"; };
		91D9D65418432156005BD0BC /* FacebookSDK.framework */ = {isa = PBXFileReference; lastKnownFileType = wrapper.framework; name = FacebookSDK.framework; path = "../../../Downloads/ParsePlatform-LoginAndSignUpTutorial-0710943/FacebookSDK.framework"; sourceTree = "<group>"; };
		91E5006C18F8C77F004BD33D /* dark_exa_@2X.png */ = {isa = PBXFileReference; lastKnownFileType = image.png; name = "dark_exa_@2X.png"; path = "../../../../Downloads/dark_exa/dark_exa_@2X.png"; sourceTree = "<group>"; };
		91E5006D18F8C77F004BD33D /* dark_exa.png */ = {isa = PBXFileReference; lastKnownFileType = image.png; name = dark_exa.png; path = ../../../../Downloads/dark_exa/dark_exa.png; sourceTree = "<group>"; };
		91E5007018F8CA1E004BD33D /* SpadeInviteCodeViewController.h */ = {isa = PBXFileReference; fileEncoding = 4; lastKnownFileType = sourcecode.c.h; path = SpadeInviteCodeViewController.h; sourceTree = "<group>"; };
		91E5007118F8CA1E004BD33D /* SpadeInviteCodeViewController.m */ = {isa = PBXFileReference; fileEncoding = 4; lastKnownFileType = sourcecode.c.objc; path = SpadeInviteCodeViewController.m; sourceTree = "<group>"; };
		91E5007318F8CBFD004BD33D /* argyle_@2X.png */ = {isa = PBXFileReference; lastKnownFileType = image.png; path = "argyle_@2X.png"; sourceTree = "<group>"; };
		91E5007418F8CBFD004BD33D /* argyle.png */ = {isa = PBXFileReference; lastKnownFileType = image.png; path = argyle.png; sourceTree = "<group>"; };
		91E962B218862743007D1BDE /* SpadePhotoCell.h */ = {isa = PBXFileReference; fileEncoding = 4; lastKnownFileType = sourcecode.c.h; path = SpadePhotoCell.h; sourceTree = "<group>"; };
		91E962B318862743007D1BDE /* SpadePhotoCell.m */ = {isa = PBXFileReference; fileEncoding = 4; lastKnownFileType = sourcecode.c.objc; path = SpadePhotoCell.m; sourceTree = "<group>"; };
		91F74AA6187CF72600F322BC /* SpadeChatViewController.h */ = {isa = PBXFileReference; fileEncoding = 4; lastKnownFileType = sourcecode.c.h; path = SpadeChatViewController.h; sourceTree = "<group>"; };
		91F74AA7187CF72600F322BC /* SpadeChatViewController.m */ = {isa = PBXFileReference; fileEncoding = 4; lastKnownFileType = sourcecode.c.objc; path = SpadeChatViewController.m; sourceTree = "<group>"; };
		91F74AA9187D0A8900F322BC /* SpadeEventCreationViewController.h */ = {isa = PBXFileReference; fileEncoding = 4; lastKnownFileType = sourcecode.c.h; path = SpadeEventCreationViewController.h; sourceTree = "<group>"; };
		91F74AAA187D0A8900F322BC /* SpadeEventCreationViewController.m */ = {isa = PBXFileReference; fileEncoding = 4; lastKnownFileType = sourcecode.c.objc; path = SpadeEventCreationViewController.m; sourceTree = "<group>"; };
		91F74AAF187E2C5500F322BC /* SpadeEventCell.h */ = {isa = PBXFileReference; fileEncoding = 4; lastKnownFileType = sourcecode.c.h; path = SpadeEventCell.h; sourceTree = "<group>"; };
		91F74AB0187E2C5500F322BC /* SpadeEventCell.m */ = {isa = PBXFileReference; fileEncoding = 4; lastKnownFileType = sourcecode.c.objc; path = SpadeEventCell.m; sourceTree = "<group>"; };
		91F74AB2187E304200F322BC /* SpadeEventVenueCell.h */ = {isa = PBXFileReference; fileEncoding = 4; lastKnownFileType = sourcecode.c.h; path = SpadeEventVenueCell.h; sourceTree = "<group>"; };
		91F74AB3187E304200F322BC /* SpadeEventVenueCell.m */ = {isa = PBXFileReference; fileEncoding = 4; lastKnownFileType = sourcecode.c.objc; path = SpadeEventVenueCell.m; sourceTree = "<group>"; };
		91FF259A1859791600FA923A /* CoreFoundation.framework */ = {isa = PBXFileReference; lastKnownFileType = wrapper.framework; name = CoreFoundation.framework; path = System/Library/Frameworks/CoreFoundation.framework; sourceTree = SDKROOT; };
/* End PBXFileReference section */

/* Begin PBXFrameworksBuildPhase section */
		9141E85E18407A5000A5DE15 /* Frameworks */ = {
			isa = PBXFrameworksBuildPhase;
			buildActionMask = 2147483647;
			files = (
				917CE60618FB7EAB0076D5A1 /* MessageUI.framework in Frameworks */,
				91D2220E188DB75F00750688 /* MapKit.framework in Frameworks */,
				91FF259B1859791600FA923A /* CoreFoundation.framework in Frameworks */,
				91D9D6471842F783005BD0BC /* SystemConfiguration.framework in Frameworks */,
				91D9D6431842F771005BD0BC /* Security.framework in Frameworks */,
				91D9D6411842F766005BD0BC /* QuartzCore.framework in Frameworks */,
				91D9D63F1842F75E005BD0BC /* MobileCoreServices.framework in Frameworks */,
				91D9D63D1842F755005BD0BC /* libz.1.1.3.dylib in Frameworks */,
				91D9D63B1842F749005BD0BC /* CoreLocation.framework in Frameworks */,
				9141E86718407A5000A5DE15 /* CoreGraphics.framework in Frameworks */,
				91D9D6391842F735005BD0BC /* CFNetwork.framework in Frameworks */,
				91D9D6371842F72A005BD0BC /* AudioToolbox.framework in Frameworks */,
				9141E86918407A5000A5DE15 /* UIKit.framework in Frameworks */,
				91D9D6351842F643005BD0BC /* Parse.framework in Frameworks */,
				9141E86518407A5000A5DE15 /* Foundation.framework in Frameworks */,
				91D9D65518432156005BD0BC /* FacebookSDK.framework in Frameworks */,
			);
			runOnlyForDeploymentPostprocessing = 0;
		};
		9141E87F18407A5000A5DE15 /* Frameworks */ = {
			isa = PBXFrameworksBuildPhase;
			buildActionMask = 2147483647;
			files = (
				9141E88418407A5000A5DE15 /* XCTest.framework in Frameworks */,
				9141E88618407A5000A5DE15 /* UIKit.framework in Frameworks */,
				9141E88518407A5000A5DE15 /* Foundation.framework in Frameworks */,
			);
			runOnlyForDeploymentPostprocessing = 0;
		};
/* End PBXFrameworksBuildPhase section */

/* Begin PBXGroup section */
		9112353C18569C830092253B /* Model */ = {
			isa = PBXGroup;
			children = (
				9158421018E86932009F1BE8 /* iCarousel.h */,
				9158421118E86932009F1BE8 /* iCarousel.m */,
				9196A8DD186C903200513082 /* SpadeConstants.h */,
				9196A8DE186C903200513082 /* SpadeConstants.m */,
				9196A8D41868D90900513082 /* SpadeCache.h */,
				9196A8D51868D90900513082 /* SpadeCache.m */,
				91D8574D18AB0F6400615874 /* SpadeCacherTest.h */,
				91D8574E18AB0F6400615874 /* SpadeCacherTest.m */,
				91206109184A62E700E3DA0C /* SpadeUtility.h */,
				9120610A184A62E700E3DA0C /* SpadeUtility.m */,
			);
			name = Model;
			sourceTree = "<group>";
		};
		9112353E18569CD30092253B /* Controllers */ = {
			isa = PBXGroup;
			children = (
				91F74AA6187CF72600F322BC /* SpadeChatViewController.h */,
				91F74AA7187CF72600F322BC /* SpadeChatViewController.m */,
				9112354018569F170092253B /* SpadeEventController.h */,
				9112354118569F170092253B /* SpadeEventController.m */,
				919DC3C71879F2CF007E8BC0 /* SpadeEventDetailViewController.h */,
				919DC3C81879F2CF007E8BC0 /* SpadeEventDetailViewController.m */,
				9196A92B1871F94A00513082 /* SpadeEventInviteController.h */,
				9196A92C1871F94A00513082 /* SpadeEventInviteController.m */,
				91D9D6481843021D005BD0BC /* SpadeLoginViewController.h */,
				91D9D6491843021D005BD0BC /* SpadeLoginViewController.m */,
				9188E52D184EE7FD00C72151 /* SpadeFeedController.h */,
				9188E52E184EE7FD00C72151 /* SpadeFeedController.m */,
				91632CEE1857CFE000FB276E /* SpadeProfileController.h */,
				91632CEF1857CFE000FB276E /* SpadeProfileController.m */,
				91221334185C407300BA29E8 /* SpadeVenueTableViewController.h */,
				91221335185C407300BA29E8 /* SpadeVenueTableViewController.m */,
				91221337185CCED500BA29E8 /* SpadeVenueDetailViewController.h */,
				91221338185CCED500BA29E8 /* SpadeVenueDetailViewController.m */,
				9196A8D7186A919F00513082 /* SpadeEditProfileViewController.h */,
				9196A8D8186A919F00513082 /* SpadeEditProfileViewController.m */,
				9196A8DA186B574700513082 /* SpadeFriendTableViewController.h */,
				9196A8DB186B574700513082 /* SpadeFriendTableViewController.m */,
				9196A9221870AB7600513082 /* SpadeFriendDetailViewController.h */,
				9196A9231870AB7600513082 /* SpadeFriendDetailViewController.m */,
				91F74AA9187D0A8900F322BC /* SpadeEventCreationViewController.h */,
				91F74AAA187D0A8900F322BC /* SpadeEventCreationViewController.m */,
				91D2220F188DB95200750688 /* SpadeMapViewController.h */,
				91D22210188DB95200750688 /* SpadeMapViewController.m */,
				917FA75218E3C7BA009EDEF2 /* SpadeMainSlideViewController.h */,
				917FA75318E3C7BA009EDEF2 /* SpadeMainSlideViewController.m */,
				91175E1D18E537E1002BA37A /* SpadeMapSlideViewController.h */,
				91175E1E18E537E1002BA37A /* SpadeMapSlideViewController.m */,
				91E5007018F8CA1E004BD33D /* SpadeInviteCodeViewController.h */,
				91E5007118F8CA1E004BD33D /* SpadeInviteCodeViewController.m */,
			);
			name = Controllers;
			sourceTree = "<group>";
		};
		9112353F18569D700092253B /* View */ = {
			isa = PBXGroup;
			children = (
				9141E87618407A5000A5DE15 /* Main.storyboard */,
				91D2220A188DAA7100750688 /* SpadeMyEventsCell.h */,
				91D2220B188DAA7100750688 /* SpadeMyEventsCell.m */,
				91E962B218862743007D1BDE /* SpadePhotoCell.h */,
				91E962B318862743007D1BDE /* SpadePhotoCell.m */,
				911B8F6518820BC900BCED88 /* SpadeNameCell.h */,
				911B8F6618820BC900BCED88 /* SpadeNameCell.m */,
				91F74AAF187E2C5500F322BC /* SpadeEventCell.h */,
				91F74AB0187E2C5500F322BC /* SpadeEventCell.m */,
				91F74AB2187E304200F322BC /* SpadeEventVenueCell.h */,
				91F74AB3187E304200F322BC /* SpadeEventVenueCell.m */,
				919DC3CA1879FA73007E8BC0 /* SpadeChatCell.h */,
				919DC3CB1879FA73007E8BC0 /* SpadeChatCell.m */,
				919DC3C218775E57007E8BC0 /* SpadeFeedCell.h */,
				919DC3C318775E57007E8BC0 /* SpadeFeedCell.m */,
				9196A8E0186D29F500513082 /* SpadeFollowCell.h */,
				9196A8E1186D29F500513082 /* SpadeFollowCell.m */,
				9196A8E7186F8ACF00513082 /* SpadeVenueFollowCell.h */,
				9196A8E8186F8ACF00513082 /* SpadeVenueFollowCell.m */,
			);
			name = View;
			sourceTree = "<group>";
		};
		9133C15A18A2E53800730B9E /* FlatKit */ = {
			isa = PBXGroup;
			children = (
				9133C12018A2E4E600730B9E /* FlatUIKit.h */,
				9133C12118A2E4E600730B9E /* FUIAlertView.h */,
				9133C12218A2E4E600730B9E /* FUIAlertView.m */,
				9133C12318A2E4E600730B9E /* FUIButton.h */,
				9133C12418A2E4E600730B9E /* FUIButton.m */,
				9133C12518A2E4E600730B9E /* FUICellBackgroundView.h */,
				9133C12618A2E4E600730B9E /* FUICellBackgroundView.m */,
				9133C12718A2E4E600730B9E /* FUIPopoverBackgroundView.h */,
				9133C12818A2E4E600730B9E /* FUIPopoverBackgroundView.m */,
				9133C12918A2E4E600730B9E /* FUISegmentedControl.h */,
				9133C12A18A2E4E600730B9E /* FUISegmentedControl.m */,
				9133C12B18A2E4E600730B9E /* FUISwitch.h */,
				9133C12C18A2E4E600730B9E /* FUISwitch.m */,
				9133C12D18A2E4E600730B9E /* FUITextField.h */,
				9133C12E18A2E4E600730B9E /* FUITextField.m */,
				9133C12F18A2E4E600730B9E /* UIBarButtonItem+FlatUI.h */,
				9133C13018A2E4E600730B9E /* UIBarButtonItem+FlatUI.m */,
				9133C13118A2E4E600730B9E /* UIColor+FlatUI.h */,
				9133C13218A2E4E600730B9E /* UIColor+FlatUI.m */,
				9133C13318A2E4E600730B9E /* UIFont+FlatUI.h */,
				9133C13418A2E4E600730B9E /* UIFont+FlatUI.m */,
				9133C13518A2E4E600730B9E /* UIImage+FlatUI.h */,
				9133C13618A2E4E600730B9E /* UIImage+FlatUI.m */,
				9133C13718A2E4E600730B9E /* UINavigationBar+FlatUI.h */,
				9133C13818A2E4E600730B9E /* UINavigationBar+FlatUI.m */,
				9133C13918A2E4E600730B9E /* UIPopoverController+FlatUI.h */,
				9133C13A18A2E4E600730B9E /* UIPopoverController+FlatUI.m */,
				9133C13B18A2E4E600730B9E /* UIProgressView+FlatUI.h */,
				9133C13C18A2E4E600730B9E /* UIProgressView+FlatUI.m */,
				9133C13D18A2E4E600730B9E /* UISlider+FlatUI.h */,
				9133C13E18A2E4E600730B9E /* UISlider+FlatUI.m */,
				9133C13F18A2E4E600730B9E /* UIStepper+FlatUI.h */,
				9133C14018A2E4E600730B9E /* UIStepper+FlatUI.m */,
				9133C14118A2E4E600730B9E /* UITabBar+FlatUI.h */,
				9133C14218A2E4E600730B9E /* UITabBar+FlatUI.m */,
				9133C14318A2E4E600730B9E /* UITableViewCell+FlatUI.h */,
				9133C14418A2E4E600730B9E /* UITableViewCell+FlatUI.m */,
				9133C14518A2E4E600730B9E /* UIToolbar+FlatUI.h */,
				9133C14618A2E4E600730B9E /* UIToolbar+FlatUI.m */,
			);
			name = FlatKit;
			sourceTree = "<group>";
		};
		9141E85818407A5000A5DE15 = {
			isa = PBXGroup;
			children = (
				91AB44A918E091BA00B78719 /* OTF */,
				9133C15A18A2E53800730B9E /* FlatKit */,
				915BEDA71857DB4800FCA17A /* Uitility */,
				9141E86A18407A5000A5DE15 /* Spade */,
				9141E88918407A5000A5DE15 /* SpadeTests */,
				9141E86318407A5000A5DE15 /* Frameworks */,
				9141E86218407A5000A5DE15 /* Products */,
			);
			sourceTree = "<group>";
		};
		9141E86218407A5000A5DE15 /* Products */ = {
			isa = PBXGroup;
			children = (
				9141E86118407A5000A5DE15 /* Spade.app */,
				9141E88218407A5000A5DE15 /* SpadeTests.xctest */,
			);
			name = Products;
			sourceTree = "<group>";
		};
		9141E86318407A5000A5DE15 /* Frameworks */ = {
			isa = PBXGroup;
			children = (
				917CE60518FB7EAB0076D5A1 /* MessageUI.framework */,
				91D2220D188DB75F00750688 /* MapKit.framework */,
				91FF259A1859791600FA923A /* CoreFoundation.framework */,
				91D9D65418432156005BD0BC /* FacebookSDK.framework */,
				91D9D6461842F783005BD0BC /* SystemConfiguration.framework */,
				91D9D6421842F771005BD0BC /* Security.framework */,
				91D9D6401842F766005BD0BC /* QuartzCore.framework */,
				91D9D63E1842F75E005BD0BC /* MobileCoreServices.framework */,
				91D9D63C1842F755005BD0BC /* libz.1.1.3.dylib */,
				91D9D63A1842F749005BD0BC /* CoreLocation.framework */,
				91D9D6381842F735005BD0BC /* CFNetwork.framework */,
				91D9D6361842F72A005BD0BC /* AudioToolbox.framework */,
				91D9D6341842F643005BD0BC /* Parse.framework */,
				9141E86418407A5000A5DE15 /* Foundation.framework */,
				9141E86618407A5000A5DE15 /* CoreGraphics.framework */,
				9141E86818407A5000A5DE15 /* UIKit.framework */,
				9141E88318407A5000A5DE15 /* XCTest.framework */,
			);
			name = Frameworks;
			sourceTree = "<group>";
		};
		9141E86A18407A5000A5DE15 /* Spade */ = {
			isa = PBXGroup;
			children = (
				9141E87318407A5000A5DE15 /* SpadeAppDelegate.h */,
				9141E87418407A5000A5DE15 /* SpadeAppDelegate.m */,
				9112353F18569D700092253B /* View */,
				9112353E18569CD30092253B /* Controllers */,
				9112353C18569C830092253B /* Model */,
				9141E87C18407A5000A5DE15 /* Images.xcassets */,
				912452AC18E2985D0071CE3B /* Spade-Icon.png */,
				91D9D64B184317CE005BD0BC /* Assets */,
				9141E86B18407A5000A5DE15 /* Supporting Files */,
			);
			path = Spade;
			sourceTree = "<group>";
		};
		9141E86B18407A5000A5DE15 /* Supporting Files */ = {
			isa = PBXGroup;
			children = (
				9141E86C18407A5000A5DE15 /* Spade-Info.plist */,
				9141E86D18407A5000A5DE15 /* InfoPlist.strings */,
				9141E87018407A5000A5DE15 /* main.m */,
				9141E87218407A5000A5DE15 /* Spade-Prefix.pch */,
			);
			name = "Supporting Files";
			sourceTree = "<group>";
		};
		9141E88918407A5000A5DE15 /* SpadeTests */ = {
			isa = PBXGroup;
			children = (
				9141E88F18407A5000A5DE15 /* SpadeTests.m */,
				9141E88A18407A5000A5DE15 /* Supporting Files */,
			);
			path = SpadeTests;
			sourceTree = "<group>";
		};
		9141E88A18407A5000A5DE15 /* Supporting Files */ = {
			isa = PBXGroup;
			children = (
				9141E88B18407A5000A5DE15 /* SpadeTests-Info.plist */,
				9141E88C18407A5000A5DE15 /* InfoPlist.strings */,
			);
			name = "Supporting Files";
			sourceTree = "<group>";
		};
		915BEDA71857DB4800FCA17A /* Uitility */ = {
			isa = PBXGroup;
			children = (
				915BEDA81857DB5A00FCA17A /* UIImage+ResizeAdditions.h */,
				915BEDA91857DB5A00FCA17A /* UIImage+ResizeAdditions.m */,
				915BEDAA1857DB5A00FCA17A /* UIImage+AlphaAdditions.h */,
				915BEDAB1857DB5A00FCA17A /* UIImage+AlphaAdditions.m */,
				915BEDAC1857DB5A00FCA17A /* UIImage+RoundedCornerAdditions.h */,
				915BEDAD1857DB5A00FCA17A /* UIImage+RoundedCornerAdditions.m */,
			);
			name = Uitility;
			sourceTree = "<group>";
		};
		91AB44A918E091BA00B78719 /* OTF */ = {
			isa = PBXGroup;
			children = (
				91AB44AA18E091BA00B78719 /* Lato-Bla.otf */,
				91AB44AB18E091BA00B78719 /* Lato-BlaIta.otf */,
				91AB44AC18E091BA00B78719 /* Lato-Bol.otf */,
				91AB44AD18E091BA00B78719 /* Lato-BolIta.otf */,
				91AB44AE18E091BA00B78719 /* Lato-Hai.otf */,
				91AB44AF18E091BA00B78719 /* Lato-HaiIta.otf */,
				91AB44B018E091BA00B78719 /* Lato-Lig.otf */,
				91AB44B118E091BA00B78719 /* Lato-LigIta.otf */,
				91AB44B218E091BA00B78719 /* Lato-Reg.otf */,
				91AB44B318E091BA00B78719 /* Lato-RegIta.otf */,
			);
			path = OTF;
			sourceTree = "<group>";
		};
		91D9D64B184317CE005BD0BC /* Assets */ = {
			isa = PBXGroup;
			children = (
				91E5007318F8CBFD004BD33D /* argyle_@2X.png */,
				91E5007418F8CBFD004BD33D /* argyle.png */,
				91E5006C18F8C77F004BD33D /* dark_exa_@2X.png */,
				91E5006D18F8C77F004BD33D /* dark_exa.png */,
				91175E1918E533E8002BA37A /* tabBarSelected.png */,
				91175E1A18E533E8002BA37A /* tabBarSelected@2x.png */,
				91175E1518E531DA002BA37A /* tabBarBackGround_V2.png */,
				91175E1618E531DA002BA37A /* tabBarBackGround_V2@2x.png */,
				91175E0D18E52C96002BA37A /* tabBarBackGround.png */,
				91175E0E18E52C96002BA37A /* tabBarBackGround@2x.png */,
				91175E0918E5288A002BA37A /* Center-Tab@2x.png */,
				91175E0A18E5288A002BA37A /* Center-Tab.png */,
				91B271E518E4C51F00B7C839 /* party_night-wide_3@2x.jpg */,
				912452A418E2912F0071CE3B /* LoginLogo2.png */,
				912452A218E28D8B0071CE3B /* Test.png */,
				9124529C18E28CE80071CE3B /* Defaulttttt.png */,
				9124529D18E28CE80071CE3B /* Defaultttttt@2x.png */,
				9124529618E287720071CE3B /* spade_6@2x.png */,
				91AB44C818E1C3F800B78719 /* spade_4@2x.png */,
				91AB44C918E1C3F800B78719 /* spade_4.png */,
				9124529718E287720071CE3B /* spade_6.png */,
				9124528618E244340071CE3B /* spade_5@2x.png */,
				9124528718E244340071CE3B /* spade_5.png */,
				91AB44C418E1C2B500B78719 /* spade_3@2x.png */,
				91AB44C518E1C2B500B78719 /* spade_3.png */,
				91AB44C018E1B8CC00B78719 /* spade_2@2x.gif */,
				91AB44C118E1B8CC00B78719 /* spade_2.gif */,
				91AB44BE18E0F60F00B78719 /* spade.png */,
				913DE257187B5CE000CDBCE7 /* leather.png */,
				913DE258187B5CE000CDBCE7 /* nicubunu_Card_symbols_Spade.jpeg */,
				9196A8E3186D2E0400513082 /* AvatarPlaceholder.png */,
				9196A8E4186D2E0400513082 /* AvatarPlaceholder@2x.png */,
				9196A8CE1868D60700513082 /* default_venue_Image.jpeg */,
				9196A8D01868D61300513082 /* skyline_7@2x.png */,
				9196A8D21868D61B00513082 /* skyline@2x.png */,
			);
			name = Assets;
			sourceTree = "<group>";
		};
/* End PBXGroup section */

/* Begin PBXNativeTarget section */
		9141E86018407A5000A5DE15 /* Spade */ = {
			isa = PBXNativeTarget;
			buildConfigurationList = 9141E89318407A5000A5DE15 /* Build configuration list for PBXNativeTarget "Spade" */;
			buildPhases = (
				9141E85D18407A5000A5DE15 /* Sources */,
				9141E85E18407A5000A5DE15 /* Frameworks */,
				9141E85F18407A5000A5DE15 /* Resources */,
			);
			buildRules = (
			);
			dependencies = (
			);
			name = Spade;
			productName = Spade;
			productReference = 9141E86118407A5000A5DE15 /* Spade.app */;
			productType = "com.apple.product-type.application";
		};
		9141E88118407A5000A5DE15 /* SpadeTests */ = {
			isa = PBXNativeTarget;
			buildConfigurationList = 9141E89618407A5000A5DE15 /* Build configuration list for PBXNativeTarget "SpadeTests" */;
			buildPhases = (
				9141E87E18407A5000A5DE15 /* Sources */,
				9141E87F18407A5000A5DE15 /* Frameworks */,
				9141E88018407A5000A5DE15 /* Resources */,
			);
			buildRules = (
			);
			dependencies = (
				9141E88818407A5000A5DE15 /* PBXTargetDependency */,
			);
			name = SpadeTests;
			productName = SpadeTests;
			productReference = 9141E88218407A5000A5DE15 /* SpadeTests.xctest */;
			productType = "com.apple.product-type.bundle.unit-test";
		};
/* End PBXNativeTarget section */

/* Begin PBXProject section */
		9141E85918407A5000A5DE15 /* Project object */ = {
			isa = PBXProject;
			attributes = {
				CLASSPREFIX = Spade;
				LastUpgradeCheck = 0500;
				ORGANIZATIONNAME = "Devon Ryan";
				TargetAttributes = {
					9141E86018407A5000A5DE15 = {
						DevelopmentTeam = YFPYY2KV3H;
						SystemCapabilities = {
							com.apple.InAppPurchase = {
								enabled = 0;
							};
							com.apple.iOS = {
								enabled = 1;
							};
						};
					};
					9141E88118407A5000A5DE15 = {
						TestTargetID = 9141E86018407A5000A5DE15;
					};
				};
			};
			buildConfigurationList = 9141E85C18407A5000A5DE15 /* Build configuration list for PBXProject "Spade" */;
			compatibilityVersion = "Xcode 3.2";
			developmentRegion = English;
			hasScannedForEncodings = 0;
			knownRegions = (
				en,
				Base,
			);
			mainGroup = 9141E85818407A5000A5DE15;
			productRefGroup = 9141E86218407A5000A5DE15 /* Products */;
			projectDirPath = "";
			projectRoot = "";
			targets = (
				9141E86018407A5000A5DE15 /* Spade */,
				9141E88118407A5000A5DE15 /* SpadeTests */,
			);
		};
/* End PBXProject section */

/* Begin PBXResourcesBuildPhase section */
		9141E85F18407A5000A5DE15 /* Resources */ = {
			isa = PBXResourcesBuildPhase;
			buildActionMask = 2147483647;
			files = (
				91AB44B418E091EC00B78719 /* Lato-Bla.otf in Resources */,
				91AB44B518E091EC00B78719 /* Lato-BlaIta.otf in Resources */,
				9124529918E287720071CE3B /* spade_6.png in Resources */,
				912452A518E2912F0071CE3B /* LoginLogo2.png in Resources */,
				91AB44B618E091EC00B78719 /* Lato-Bol.otf in Resources */,
				9124528918E244340071CE3B /* spade_5.png in Resources */,
				91AB44B718E091EC00B78719 /* Lato-BolIta.otf in Resources */,
				91AB44B818E091EC00B78719 /* Lato-Hai.otf in Resources */,
				91175E0C18E5288A002BA37A /* Center-Tab.png in Resources */,
				91AB44CA18E1C3F800B78719 /* spade_4@2x.png in Resources */,
				91175E1C18E533E8002BA37A /* tabBarSelected@2x.png in Resources */,
				91175E0B18E5288A002BA37A /* Center-Tab@2x.png in Resources */,
				91AB44B918E091EC00B78719 /* Lato-HaiIta.otf in Resources */,
				91AB44C218E1B8CC00B78719 /* spade_2@2x.gif in Resources */,
				91AB44BA18E091EC00B78719 /* Lato-Lig.otf in Resources */,
				91AB44BF18E0F60F00B78719 /* spade.png in Resources */,
				91AB44BB18E091EC00B78719 /* Lato-LigIta.otf in Resources */,
				91AB44C618E1C2B500B78719 /* spade_3@2x.png in Resources */,
				91AB44CB18E1C3F800B78719 /* spade_4.png in Resources */,
				91175E1B18E533E8002BA37A /* tabBarSelected.png in Resources */,
				912452AD18E2985D0071CE3B /* Spade-Icon.png in Resources */,
				91AB44BC18E091EC00B78719 /* Lato-Reg.otf in Resources */,
				91AB44BD18E091EC00B78719 /* Lato-RegIta.otf in Resources */,
				9196A8D11868D61300513082 /* skyline_7@2x.png in Resources */,
				91AB44C718E1C2B500B78719 /* spade_3.png in Resources */,
				91B271E618E4C51F00B7C839 /* party_night-wide_3@2x.jpg in Resources */,
				9196A8CF1868D60700513082 /* default_venue_Image.jpeg in Resources */,
				913DE259187B5CE000CDBCE7 /* leather.png in Resources */,
				9196A8E5186D2E0400513082 /* AvatarPlaceholder.png in Resources */,
				91175E0F18E52C96002BA37A /* tabBarBackGround.png in Resources */,
				9196A8D31868D61B00513082 /* skyline@2x.png in Resources */,
				91E5006E18F8C77F004BD33D /* dark_exa_@2X.png in Resources */,
				91AB44C318E1B8CC00B78719 /* spade_2.gif in Resources */,
				9141E87D18407A5000A5DE15 /* Images.xcassets in Resources */,
				913DE25A187B5CE000CDBCE7 /* nicubunu_Card_symbols_Spade.jpeg in Resources */,
				91E5006F18F8C77F004BD33D /* dark_exa.png in Resources */,
				912452A318E28D8B0071CE3B /* Test.png in Resources */,
				9124529818E287720071CE3B /* spade_6@2x.png in Resources */,
				91175E1018E52C96002BA37A /* tabBarBackGround@2x.png in Resources */,
				9124528818E244340071CE3B /* spade_5@2x.png in Resources */,
				9141E86F18407A5000A5DE15 /* InfoPlist.strings in Resources */,
				9141E87818407A5000A5DE15 /* Main.storyboard in Resources */,
				9196A8E6186D2E0400513082 /* AvatarPlaceholder@2x.png in Resources */,
				91175E1718E531DA002BA37A /* tabBarBackGround_V2.png in Resources */,
				9124529F18E28CE80071CE3B /* Defaulttttt.png in Resources */,
				91175E1818E531DA002BA37A /* tabBarBackGround_V2@2x.png in Resources */,
				91E5007618F8CBFD004BD33D /* argyle.png in Resources */,
				91E5007518F8CBFD004BD33D /* argyle_@2X.png in Resources */,
				912452A018E28CE80071CE3B /* Defaultttttt@2x.png in Resources */,
			);
			runOnlyForDeploymentPostprocessing = 0;
		};
		9141E88018407A5000A5DE15 /* Resources */ = {
			isa = PBXResourcesBuildPhase;
			buildActionMask = 2147483647;
			files = (
				9141E88E18407A5000A5DE15 /* InfoPlist.strings in Resources */,
			);
			runOnlyForDeploymentPostprocessing = 0;
		};
/* End PBXResourcesBuildPhase section */

/* Begin PBXSourcesBuildPhase section */
		9141E85D18407A5000A5DE15 /* Sources */ = {
			isa = PBXSourcesBuildPhase;
			buildActionMask = 2147483647;
			files = (
				9133C15218A2E4E600730B9E /* UINavigationBar+FlatUI.m in Sources */,
				9133C14F18A2E4E600730B9E /* UIColor+FlatUI.m in Sources */,
				9133C15418A2E4E600730B9E /* UIProgressView+FlatUI.m in Sources */,
				9158421218E86932009F1BE8 /* iCarousel.m in Sources */,
				9133C14718A2E4E600730B9E /* FUIAlertView.m in Sources */,
				915BEDB01857DB5A00FCA17A /* UIImage+RoundedCornerAdditions.m in Sources */,
				9112354218569F170092253B /* SpadeEventController.m in Sources */,
				9133C15918A2E4E600730B9E /* UIToolbar+FlatUI.m in Sources */,
				9133C15018A2E4E600730B9E /* UIFont+FlatUI.m in Sources */,
				919DC3C418775E57007E8BC0 /* SpadeFeedCell.m in Sources */,
				91175E1F18E537E1002BA37A /* SpadeMapSlideViewController.m in Sources */,
				9196A8D9186A919F00513082 /* SpadeEditProfileViewController.m in Sources */,
				9133C14E18A2E4E600730B9E /* UIBarButtonItem+FlatUI.m in Sources */,
				915BEDAE1857DB5A00FCA17A /* UIImage+ResizeAdditions.m in Sources */,
				91632CF01857CFE000FB276E /* SpadeProfileController.m in Sources */,
				9133C14918A2E4E600730B9E /* FUICellBackgroundView.m in Sources */,
				9133C15618A2E4E600730B9E /* UIStepper+FlatUI.m in Sources */,
				91D2220C188DAA7100750688 /* SpadeMyEventsCell.m in Sources */,
				91E5007218F8CA1E004BD33D /* SpadeInviteCodeViewController.m in Sources */,
				9196A8E2186D29F500513082 /* SpadeFollowCell.m in Sources */,
				9133C14D18A2E4E600730B9E /* FUITextField.m in Sources */,
				9196A8DF186C903200513082 /* SpadeConstants.m in Sources */,
				917FA75418E3C7BA009EDEF2 /* SpadeMainSlideViewController.m in Sources */,
				9133C15318A2E4E600730B9E /* UIPopoverController+FlatUI.m in Sources */,
				91F74AB4187E304200F322BC /* SpadeEventVenueCell.m in Sources */,
				9133C14A18A2E4E600730B9E /* FUIPopoverBackgroundView.m in Sources */,
				9120610B184A62E700E3DA0C /* SpadeUtility.m in Sources */,
				9141E87518407A5000A5DE15 /* SpadeAppDelegate.m in Sources */,
				91D22211188DB95200750688 /* SpadeMapViewController.m in Sources */,
				9196A9241870AB7600513082 /* SpadeFriendDetailViewController.m in Sources */,
				91D8574F18AB0F6400615874 /* SpadeCacherTest.m in Sources */,
				9188E52F184EE7FD00C72151 /* SpadeFeedController.m in Sources */,
				9196A8D61868D90900513082 /* SpadeCache.m in Sources */,
				9196A8DC186B574700513082 /* SpadeFriendTableViewController.m in Sources */,
				91F74AAB187D0A8900F322BC /* SpadeEventCreationViewController.m in Sources */,
				915BEDAF1857DB5A00FCA17A /* UIImage+AlphaAdditions.m in Sources */,
				91D9D64A1843021D005BD0BC /* SpadeLoginViewController.m in Sources */,
				91F74AA8187CF72600F322BC /* SpadeChatViewController.m in Sources */,
				919DC3C91879F2CF007E8BC0 /* SpadeEventDetailViewController.m in Sources */,
				9196A8E9186F8ACF00513082 /* SpadeVenueFollowCell.m in Sources */,
				9133C15518A2E4E600730B9E /* UISlider+FlatUI.m in Sources */,
				9133C15818A2E4E600730B9E /* UITableViewCell+FlatUI.m in Sources */,
				91F74AB1187E2C5500F322BC /* SpadeEventCell.m in Sources */,
				9141E87118407A5000A5DE15 /* main.m in Sources */,
				9196A92D1871F94A00513082 /* SpadeEventInviteController.m in Sources */,
				9133C15718A2E4E600730B9E /* UITabBar+FlatUI.m in Sources */,
				91E962B418862743007D1BDE /* SpadePhotoCell.m in Sources */,
				911B8F6718820BC900BCED88 /* SpadeNameCell.m in Sources */,
				91221339185CCED500BA29E8 /* SpadeVenueDetailViewController.m in Sources */,
				9133C15118A2E4E600730B9E /* UIImage+FlatUI.m in Sources */,
				91221336185C407300BA29E8 /* SpadeVenueTableViewController.m in Sources */,
				9133C14C18A2E4E600730B9E /* FUISwitch.m in Sources */,
				9133C14B18A2E4E600730B9E /* FUISegmentedControl.m in Sources */,
				919DC3CC1879FA73007E8BC0 /* SpadeChatCell.m in Sources */,
				9133C14818A2E4E600730B9E /* FUIButton.m in Sources */,
			);
			runOnlyForDeploymentPostprocessing = 0;
		};
		9141E87E18407A5000A5DE15 /* Sources */ = {
			isa = PBXSourcesBuildPhase;
			buildActionMask = 2147483647;
			files = (
				9141E89018407A5000A5DE15 /* SpadeTests.m in Sources */,
			);
			runOnlyForDeploymentPostprocessing = 0;
		};
/* End PBXSourcesBuildPhase section */

/* Begin PBXTargetDependency section */
		9141E88818407A5000A5DE15 /* PBXTargetDependency */ = {
			isa = PBXTargetDependency;
			target = 9141E86018407A5000A5DE15 /* Spade */;
			targetProxy = 9141E88718407A5000A5DE15 /* PBXContainerItemProxy */;
		};
/* End PBXTargetDependency section */

/* Begin PBXVariantGroup section */
		9141E86D18407A5000A5DE15 /* InfoPlist.strings */ = {
			isa = PBXVariantGroup;
			children = (
				9141E86E18407A5000A5DE15 /* en */,
			);
			name = InfoPlist.strings;
			sourceTree = "<group>";
		};
		9141E87618407A5000A5DE15 /* Main.storyboard */ = {
			isa = PBXVariantGroup;
			children = (
				9141E87718407A5000A5DE15 /* Base */,
			);
			name = Main.storyboard;
			sourceTree = "<group>";
		};
		9141E88C18407A5000A5DE15 /* InfoPlist.strings */ = {
			isa = PBXVariantGroup;
			children = (
				9141E88D18407A5000A5DE15 /* en */,
			);
			name = InfoPlist.strings;
			sourceTree = "<group>";
		};
/* End PBXVariantGroup section */

/* Begin XCBuildConfiguration section */
		9141E89118407A5000A5DE15 /* Debug */ = {
			isa = XCBuildConfiguration;
			buildSettings = {
				ALWAYS_SEARCH_USER_PATHS = NO;
				ARCHS = "$(ARCHS_STANDARD_INCLUDING_64_BIT)";
				CLANG_CXX_LANGUAGE_STANDARD = "gnu++0x";
				CLANG_CXX_LIBRARY = "libc++";
				CLANG_ENABLE_MODULES = YES;
				CLANG_ENABLE_OBJC_ARC = YES;
				CLANG_WARN_BOOL_CONVERSION = YES;
				CLANG_WARN_CONSTANT_CONVERSION = YES;
				CLANG_WARN_DIRECT_OBJC_ISA_USAGE = YES_ERROR;
				CLANG_WARN_EMPTY_BODY = YES;
				CLANG_WARN_ENUM_CONVERSION = YES;
				CLANG_WARN_INT_CONVERSION = YES;
				CLANG_WARN_OBJC_ROOT_CLASS = YES_ERROR;
				CLANG_WARN__DUPLICATE_METHOD_MATCH = YES;
				"CODE_SIGN_IDENTITY[sdk=iphoneos*]" = "iPhone Developer";
				COPY_PHASE_STRIP = NO;
				GCC_C_LANGUAGE_STANDARD = gnu99;
				GCC_DYNAMIC_NO_PIC = NO;
				GCC_OPTIMIZATION_LEVEL = 0;
				GCC_PREPROCESSOR_DEFINITIONS = (
					"DEBUG=1",
					"$(inherited)",
				);
				GCC_SYMBOLS_PRIVATE_EXTERN = NO;
				GCC_WARN_64_TO_32_BIT_CONVERSION = YES;
				GCC_WARN_ABOUT_RETURN_TYPE = YES_ERROR;
				GCC_WARN_UNDECLARED_SELECTOR = YES;
				GCC_WARN_UNINITIALIZED_AUTOS = YES;
				GCC_WARN_UNUSED_FUNCTION = YES;
				GCC_WARN_UNUSED_VARIABLE = YES;
				IPHONEOS_DEPLOYMENT_TARGET = 7.0;
				ONLY_ACTIVE_ARCH = YES;
				SDKROOT = iphoneos;
			};
			name = Debug;
		};
		9141E89218407A5000A5DE15 /* Release */ = {
			isa = XCBuildConfiguration;
			buildSettings = {
				ALWAYS_SEARCH_USER_PATHS = NO;
				ARCHS = "$(ARCHS_STANDARD_INCLUDING_64_BIT)";
				CLANG_CXX_LANGUAGE_STANDARD = "gnu++0x";
				CLANG_CXX_LIBRARY = "libc++";
				CLANG_ENABLE_MODULES = YES;
				CLANG_ENABLE_OBJC_ARC = YES;
				CLANG_WARN_BOOL_CONVERSION = YES;
				CLANG_WARN_CONSTANT_CONVERSION = YES;
				CLANG_WARN_DIRECT_OBJC_ISA_USAGE = YES_ERROR;
				CLANG_WARN_EMPTY_BODY = YES;
				CLANG_WARN_ENUM_CONVERSION = YES;
				CLANG_WARN_INT_CONVERSION = YES;
				CLANG_WARN_OBJC_ROOT_CLASS = YES_ERROR;
				CLANG_WARN__DUPLICATE_METHOD_MATCH = YES;
				"CODE_SIGN_IDENTITY[sdk=iphoneos*]" = "iPhone Developer";
				COPY_PHASE_STRIP = YES;
				ENABLE_NS_ASSERTIONS = NO;
				GCC_C_LANGUAGE_STANDARD = gnu99;
				GCC_WARN_64_TO_32_BIT_CONVERSION = YES;
				GCC_WARN_ABOUT_RETURN_TYPE = YES_ERROR;
				GCC_WARN_UNDECLARED_SELECTOR = YES;
				GCC_WARN_UNINITIALIZED_AUTOS = YES;
				GCC_WARN_UNUSED_FUNCTION = YES;
				GCC_WARN_UNUSED_VARIABLE = YES;
				IPHONEOS_DEPLOYMENT_TARGET = 7.0;
				SDKROOT = iphoneos;
				VALIDATE_PRODUCT = YES;
			};
			name = Release;
		};
		9141E89418407A5000A5DE15 /* Debug */ = {
			isa = XCBuildConfiguration;
			buildSettings = {
				ASSETCATALOG_COMPILER_APPICON_NAME = AppIcon;
				ASSETCATALOG_COMPILER_LAUNCHIMAGE_NAME = LaunchImage;
				CODE_SIGN_IDENTITY = "iPhone Developer";
				"CODE_SIGN_IDENTITY[sdk=iphoneos*]" = "iPhone Developer";
				FRAMEWORK_SEARCH_PATHS = (
					"$(inherited)",
					/Users/dryan/Downloads,
					"/Users/dryan/Downloads/ParsePlatform-LoginAndSignUpTutorial-0710943",
				);
				GCC_PRECOMPILE_PREFIX_HEADER = YES;
				GCC_PREFIX_HEADER = "Spade/Spade-Prefix.pch";
				INFOPLIST_FILE = "Spade/Spade-Info.plist";
				OTHER_LDFLAGS = "";
				PRODUCT_NAME = "$(TARGET_NAME)";
				PROVISIONING_PROFILE = "";
				WRAPPER_EXTENSION = app;
			};
			name = Debug;
		};
		9141E89518407A5000A5DE15 /* Release */ = {
			isa = XCBuildConfiguration;
			buildSettings = {
				ASSETCATALOG_COMPILER_APPICON_NAME = AppIcon;
				ASSETCATALOG_COMPILER_LAUNCHIMAGE_NAME = LaunchImage;
				CODE_SIGN_IDENTITY = "iPhone Developer";
				"CODE_SIGN_IDENTITY[sdk=iphoneos*]" = "iPhone Developer";
				FRAMEWORK_SEARCH_PATHS = (
					"$(inherited)",
					/Users/dryan/Downloads,
					"/Users/dryan/Downloads/ParsePlatform-LoginAndSignUpTutorial-0710943",
				);
				GCC_PRECOMPILE_PREFIX_HEADER = YES;
				GCC_PREFIX_HEADER = "Spade/Spade-Prefix.pch";
				INFOPLIST_FILE = "Spade/Spade-Info.plist";
				OTHER_LDFLAGS = "";
				PRODUCT_NAME = "$(TARGET_NAME)";
				PROVISIONING_PROFILE = "";
				WRAPPER_EXTENSION = app;
			};
			name = Release;
		};
		9141E89718407A5000A5DE15 /* Debug */ = {
			isa = XCBuildConfiguration;
			buildSettings = {
				ARCHS = "$(ARCHS_STANDARD_INCLUDING_64_BIT)";
				BUNDLE_LOADER = "$(BUILT_PRODUCTS_DIR)/Spade.app/Spade";
				FRAMEWORK_SEARCH_PATHS = (
					"$(SDKROOT)/Developer/Library/Frameworks",
					"$(inherited)",
					"$(DEVELOPER_FRAMEWORKS_DIR)",
				);
				GCC_PRECOMPILE_PREFIX_HEADER = YES;
				GCC_PREFIX_HEADER = "Spade/Spade-Prefix.pch";
				GCC_PREPROCESSOR_DEFINITIONS = (
					"DEBUG=1",
					"$(inherited)",
				);
				INFOPLIST_FILE = "SpadeTests/SpadeTests-Info.plist";
				PRODUCT_NAME = "$(TARGET_NAME)";
				TEST_HOST = "$(BUNDLE_LOADER)";
				WRAPPER_EXTENSION = xctest;
			};
			name = Debug;
		};
		9141E89818407A5000A5DE15 /* Release */ = {
			isa = XCBuildConfiguration;
			buildSettings = {
				ARCHS = "$(ARCHS_STANDARD_INCLUDING_64_BIT)";
				BUNDLE_LOADER = "$(BUILT_PRODUCTS_DIR)/Spade.app/Spade";
				FRAMEWORK_SEARCH_PATHS = (
					"$(SDKROOT)/Developer/Library/Frameworks",
					"$(inherited)",
					"$(DEVELOPER_FRAMEWORKS_DIR)",
				);
				GCC_PRECOMPILE_PREFIX_HEADER = YES;
				GCC_PREFIX_HEADER = "Spade/Spade-Prefix.pch";
				INFOPLIST_FILE = "SpadeTests/SpadeTests-Info.plist";
				PRODUCT_NAME = "$(TARGET_NAME)";
				TEST_HOST = "$(BUNDLE_LOADER)";
				WRAPPER_EXTENSION = xctest;
			};
			name = Release;
		};
/* End XCBuildConfiguration section */

/* Begin XCConfigurationList section */
		9141E85C18407A5000A5DE15 /* Build configuration list for PBXProject "Spade" */ = {
			isa = XCConfigurationList;
			buildConfigurations = (
				9141E89118407A5000A5DE15 /* Debug */,
				9141E89218407A5000A5DE15 /* Release */,
			);
			defaultConfigurationIsVisible = 0;
			defaultConfigurationName = Release;
		};
		9141E89318407A5000A5DE15 /* Build configuration list for PBXNativeTarget "Spade" */ = {
			isa = XCConfigurationList;
			buildConfigurations = (
				9141E89418407A5000A5DE15 /* Debug */,
				9141E89518407A5000A5DE15 /* Release */,
			);
			defaultConfigurationIsVisible = 0;
			defaultConfigurationName = Release;
		};
		9141E89618407A5000A5DE15 /* Build configuration list for PBXNativeTarget "SpadeTests" */ = {
			isa = XCConfigurationList;
			buildConfigurations = (
				9141E89718407A5000A5DE15 /* Debug */,
				9141E89818407A5000A5DE15 /* Release */,
			);
			defaultConfigurationIsVisible = 0;
			defaultConfigurationName = Release;
		};
/* End XCConfigurationList section */
	};
	rootObject = 9141E85918407A5000A5DE15 /* Project object */;
}
